// !$*UTF8*$!
{
	archiveVersion = 1;
	classes = {
	};
	objectVersion = 50;
	objects = {

/* Begin PBXBuildFile section */
		0AE64434242F4D46001EEEFB /* AppDelegate.swift in Sources */ = {isa = PBXBuildFile; fileRef = 0AE64433242F4D46001EEEFB /* AppDelegate.swift */; };
		0AE64436242F4D46001EEEFB /* SceneDelegate.swift in Sources */ = {isa = PBXBuildFile; fileRef = 0AE64435242F4D46001EEEFB /* SceneDelegate.swift */; };
		0AE64438242F4D46001EEEFB /* ViewController.swift in Sources */ = {isa = PBXBuildFile; fileRef = 0AE64437242F4D46001EEEFB /* ViewController.swift */; };
		0AE6443D242F4D47001EEEFB /* Assets.xcassets in Resources */ = {isa = PBXBuildFile; fileRef = 0AE6443C242F4D47001EEEFB /* Assets.xcassets */; };
		0AE64440242F4D47001EEEFB /* LaunchScreen.storyboard in Resources */ = {isa = PBXBuildFile; fileRef = 0AE6443E242F4D47001EEEFB /* LaunchScreen.storyboard */; };
		0AE64448242F4EA7001EEEFB /* AppCoordinator.swift in Sources */ = {isa = PBXBuildFile; fileRef = 0AE64447242F4EA7001EEEFB /* AppCoordinator.swift */; };
		0AE6444D242F526F001EEEFB /* MVVMView.swift in Sources */ = {isa = PBXBuildFile; fileRef = 0AE6444A242F526F001EEEFB /* MVVMView.swift */; };
		0AE6444E242F526F001EEEFB /* MVVMViewController.swift in Sources */ = {isa = PBXBuildFile; fileRef = 0AE6444B242F526F001EEEFB /* MVVMViewController.swift */; };
		0AE6444F242F526F001EEEFB /* MVVMViewModel.swift in Sources */ = {isa = PBXBuildFile; fileRef = 0AE6444C242F526F001EEEFB /* MVVMViewModel.swift */; };
		0AE64458242F5D06001EEEFB /* FirstViewController.swift in Sources */ = {isa = PBXBuildFile; fileRef = 0AE64457242F5D06001EEEFB /* FirstViewController.swift */; };
		0AE6445A242F5D15001EEEFB /* FirstViewModel.swift in Sources */ = {isa = PBXBuildFile; fileRef = 0AE64459242F5D15001EEEFB /* FirstViewModel.swift */; };
		0AE6445C242F5D27001EEEFB /* FirstView.swift in Sources */ = {isa = PBXBuildFile; fileRef = 0AE6445B242F5D27001EEEFB /* FirstView.swift */; };
		7DD5EF09B014DAC8CECC16E9 /* libPods-RxMVVM.a in Frameworks */ = {isa = PBXBuildFile; fileRef = 3AE2BFBC65CA79C4C51044D3 /* libPods-RxMVVM.a */; };
/* End PBXBuildFile section */

/* Begin PBXFileReference section */
		0AE64430242F4D46001EEEFB /* RxMVVM.app */ = {isa = PBXFileReference; explicitFileType = wrapper.application; includeInIndex = 0; path = RxMVVM.app; sourceTree = BUILT_PRODUCTS_DIR; };
		0AE64433242F4D46001EEEFB /* AppDelegate.swift */ = {isa = PBXFileReference; lastKnownFileType = sourcecode.swift; path = AppDelegate.swift; sourceTree = "<group>"; };
		0AE64435242F4D46001EEEFB /* SceneDelegate.swift */ = {isa = PBXFileReference; lastKnownFileType = sourcecode.swift; path = SceneDelegate.swift; sourceTree = "<group>"; };
		0AE64437242F4D46001EEEFB /* ViewController.swift */ = {isa = PBXFileReference; lastKnownFileType = sourcecode.swift; path = ViewController.swift; sourceTree = "<group>"; };
		0AE6443C242F4D47001EEEFB /* Assets.xcassets */ = {isa = PBXFileReference; lastKnownFileType = folder.assetcatalog; path = Assets.xcassets; sourceTree = "<group>"; };
		0AE6443F242F4D47001EEEFB /* Base */ = {isa = PBXFileReference; lastKnownFileType = file.storyboard; name = Base; path = Base.lproj/LaunchScreen.storyboard; sourceTree = "<group>"; };
		0AE64441242F4D47001EEEFB /* Info.plist */ = {isa = PBXFileReference; lastKnownFileType = text.plist.xml; path = Info.plist; sourceTree = "<group>"; };
		0AE64447242F4EA7001EEEFB /* AppCoordinator.swift */ = {isa = PBXFileReference; lastKnownFileType = sourcecode.swift; path = AppCoordinator.swift; sourceTree = "<group>"; };
		0AE6444A242F526F001EEEFB /* MVVMView.swift */ = {isa = PBXFileReference; fileEncoding = 4; lastKnownFileType = sourcecode.swift; path = MVVMView.swift; sourceTree = "<group>"; };
		0AE6444B242F526F001EEEFB /* MVVMViewController.swift */ = {isa = PBXFileReference; fileEncoding = 4; lastKnownFileType = sourcecode.swift; path = MVVMViewController.swift; sourceTree = "<group>"; };
		0AE6444C242F526F001EEEFB /* MVVMViewModel.swift */ = {isa = PBXFileReference; fileEncoding = 4; lastKnownFileType = sourcecode.swift; path = MVVMViewModel.swift; sourceTree = "<group>"; };
		0AE64457242F5D06001EEEFB /* FirstViewController.swift */ = {isa = PBXFileReference; lastKnownFileType = sourcecode.swift; path = FirstViewController.swift; sourceTree = "<group>"; };
		0AE64459242F5D15001EEEFB /* FirstViewModel.swift */ = {isa = PBXFileReference; lastKnownFileType = sourcecode.swift; path = FirstViewModel.swift; sourceTree = "<group>"; };
		0AE6445B242F5D27001EEEFB /* FirstView.swift */ = {isa = PBXFileReference; lastKnownFileType = sourcecode.swift; path = FirstView.swift; sourceTree = "<group>"; };
		33EE17DEC0444634E21AC85F /* Pods-RxMVVM.debug.xcconfig */ = {isa = PBXFileReference; includeInIndex = 1; lastKnownFileType = text.xcconfig; name = "Pods-RxMVVM.debug.xcconfig"; path = "Target Support Files/Pods-RxMVVM/Pods-RxMVVM.debug.xcconfig"; sourceTree = "<group>"; };
		35BCD3705CC4A924C747CA51 /* Pods-RxMVVM.release.xcconfig */ = {isa = PBXFileReference; includeInIndex = 1; lastKnownFileType = text.xcconfig; name = "Pods-RxMVVM.release.xcconfig"; path = "Target Support Files/Pods-RxMVVM/Pods-RxMVVM.release.xcconfig"; sourceTree = "<group>"; };
		3AE2BFBC65CA79C4C51044D3 /* libPods-RxMVVM.a */ = {isa = PBXFileReference; explicitFileType = archive.ar; includeInIndex = 0; path = "libPods-RxMVVM.a"; sourceTree = BUILT_PRODUCTS_DIR; };
/* End PBXFileReference section */

/* Begin PBXFrameworksBuildPhase section */
		0AE6442D242F4D46001EEEFB /* Frameworks */ = {
			isa = PBXFrameworksBuildPhase;
			buildActionMask = 2147483647;
			files = (
				7DD5EF09B014DAC8CECC16E9 /* libPods-RxMVVM.a in Frameworks */,
			);
			runOnlyForDeploymentPostprocessing = 0;
		};
/* End PBXFrameworksBuildPhase section */

/* Begin PBXGroup section */
		0AE64427242F4D46001EEEFB = {
			isa = PBXGroup;
			children = (
				0AE64432242F4D46001EEEFB /* RxMVVM */,
				0AE64431242F4D46001EEEFB /* Products */,
				B6A9EB40407A9698567FE268 /* Pods */,
				21643110749EBAEFEE0552FC /* Frameworks */,
			);
			sourceTree = "<group>";
		};
		0AE64431242F4D46001EEEFB /* Products */ = {
			isa = PBXGroup;
			children = (
				0AE64430242F4D46001EEEFB /* RxMVVM.app */,
			);
			name = Products;
			sourceTree = "<group>";
		};
		0AE64432242F4D46001EEEFB /* RxMVVM */ = {
			isa = PBXGroup;
			children = (
				0AE64447242F4EA7001EEEFB /* AppCoordinator.swift */,
				0AE64433242F4D46001EEEFB /* AppDelegate.swift */,
				0AE64435242F4D46001EEEFB /* SceneDelegate.swift */,
				0AE64449242F526F001EEEFB /* Base */,
				0AE64450242F5B33001EEEFB /* Screens */,
				0AE6443C242F4D47001EEEFB /* Assets.xcassets */,
				0AE6443E242F4D47001EEEFB /* LaunchScreen.storyboard */,
				0AE64441242F4D47001EEEFB /* Info.plist */,
			);
			path = RxMVVM;
			sourceTree = "<group>";
		};
		0AE64449242F526F001EEEFB /* Base */ = {
			isa = PBXGroup;
			children = (
				0AE6444A242F526F001EEEFB /* MVVMView.swift */,
				0AE6444B242F526F001EEEFB /* MVVMViewController.swift */,
				0AE6444C242F526F001EEEFB /* MVVMViewModel.swift */,
				0AE64437242F4D46001EEEFB /* ViewController.swift */,
			);
			path = Base;
			sourceTree = "<group>";
		};
		0AE64450242F5B33001EEEFB /* Screens */ = {
			isa = PBXGroup;
			children = (
				0AE64451242F5CAE001EEEFB /* First */,
			);
			path = Screens;
			sourceTree = "<group>";
		};
		0AE64451242F5CAE001EEEFB /* First */ = {
			isa = PBXGroup;
			children = (
				0AE64456242F5CEE001EEEFB /* View */,
				0AE64455242F5CE7001EEEFB /* ViewModel */,
				0AE64454242F5CE0001EEEFB /* Controller */,
			);
			path = First;
			sourceTree = "<group>";
		};
		0AE64454242F5CE0001EEEFB /* Controller */ = {
			isa = PBXGroup;
			children = (
				0AE64457242F5D06001EEEFB /* FirstViewController.swift */,
			);
			path = Controller;
			sourceTree = "<group>";
		};
		0AE64455242F5CE7001EEEFB /* ViewModel */ = {
			isa = PBXGroup;
			children = (
				0AE64459242F5D15001EEEFB /* FirstViewModel.swift */,
			);
			path = ViewModel;
			sourceTree = "<group>";
		};
		0AE64456242F5CEE001EEEFB /* View */ = {
			isa = PBXGroup;
			children = (
				0AE6445B242F5D27001EEEFB /* FirstView.swift */,
			);
			path = View;
			sourceTree = "<group>";
		};
		21643110749EBAEFEE0552FC /* Frameworks */ = {
			isa = PBXGroup;
			children = (
				3AE2BFBC65CA79C4C51044D3 /* libPods-RxMVVM.a */,
			);
			name = Frameworks;
			sourceTree = "<group>";
		};
		B6A9EB40407A9698567FE268 /* Pods */ = {
			isa = PBXGroup;
			children = (
				33EE17DEC0444634E21AC85F /* Pods-RxMVVM.debug.xcconfig */,
				35BCD3705CC4A924C747CA51 /* Pods-RxMVVM.release.xcconfig */,
			);
			name = Pods;
			path = Pods;
			sourceTree = "<group>";
		};
/* End PBXGroup section */

/* Begin PBXNativeTarget section */
		0AE6442F242F4D46001EEEFB /* RxMVVM */ = {
			isa = PBXNativeTarget;
			buildConfigurationList = 0AE64444242F4D47001EEEFB /* Build configuration list for PBXNativeTarget "RxMVVM" */;
			buildPhases = (
				027AB795B71F8EF6793BB7F7 /* [CP] Check Pods Manifest.lock */,
				0AE6442C242F4D46001EEEFB /* Sources */,
				0AE6442D242F4D46001EEEFB /* Frameworks */,
				0AE6442E242F4D46001EEEFB /* Resources */,
			);
			buildRules = (
			);
			dependencies = (
			);
			name = RxMVVM;
			productName = RxMVVM;
			productReference = 0AE64430242F4D46001EEEFB /* RxMVVM.app */;
			productType = "com.apple.product-type.application";
		};
/* End PBXNativeTarget section */

/* Begin PBXProject section */
		0AE64428242F4D46001EEEFB /* Project object */ = {
			isa = PBXProject;
			attributes = {
				LastSwiftUpdateCheck = 1140;
				LastUpgradeCheck = 1140;
				ORGANIZATIONNAME = "Dmitry Y.";
				TargetAttributes = {
					0AE6442F242F4D46001EEEFB = {
						CreatedOnToolsVersion = 11.4;
					};
				};
			};
			buildConfigurationList = 0AE6442B242F4D46001EEEFB /* Build configuration list for PBXProject "RxMVVM" */;
			compatibilityVersion = "Xcode 9.3";
			developmentRegion = en;
			hasScannedForEncodings = 0;
			knownRegions = (
				en,
				Base,
			);
			mainGroup = 0AE64427242F4D46001EEEFB;
			productRefGroup = 0AE64431242F4D46001EEEFB /* Products */;
			projectDirPath = "";
			projectRoot = "";
			targets = (
				0AE6442F242F4D46001EEEFB /* RxMVVM */,
			);
		};
/* End PBXProject section */

/* Begin PBXResourcesBuildPhase section */
		0AE6442E242F4D46001EEEFB /* Resources */ = {
			isa = PBXResourcesBuildPhase;
			buildActionMask = 2147483647;
			files = (
				0AE64440242F4D47001EEEFB /* LaunchScreen.storyboard in Resources */,
				0AE6443D242F4D47001EEEFB /* Assets.xcassets in Resources */,
			);
			runOnlyForDeploymentPostprocessing = 0;
		};
/* End PBXResourcesBuildPhase section */

/* Begin PBXShellScriptBuildPhase section */
		027AB795B71F8EF6793BB7F7 /* [CP] Check Pods Manifest.lock */ = {
			isa = PBXShellScriptBuildPhase;
			buildActionMask = 2147483647;
			files = (
			);
			inputFileListPaths = (
			);
			inputPaths = (
				"${PODS_PODFILE_DIR_PATH}/Podfile.lock",
				"${PODS_ROOT}/Manifest.lock",
			);
			name = "[CP] Check Pods Manifest.lock";
			outputFileListPaths = (
			);
			outputPaths = (
				"$(DERIVED_FILE_DIR)/Pods-RxMVVM-checkManifestLockResult.txt",
			);
			runOnlyForDeploymentPostprocessing = 0;
			shellPath = /bin/sh;
			shellScript = "diff \"${PODS_PODFILE_DIR_PATH}/Podfile.lock\" \"${PODS_ROOT}/Manifest.lock\" > /dev/null\nif [ $? != 0 ] ; then\n    # print error to STDERR\n    echo \"error: The sandbox is not in sync with the Podfile.lock. Run 'pod install' or update your CocoaPods installation.\" >&2\n    exit 1\nfi\n# This output is used by Xcode 'outputs' to avoid re-running this script phase.\necho \"SUCCESS\" > \"${SCRIPT_OUTPUT_FILE_0}\"\n";
			showEnvVarsInLog = 0;
		};
/* End PBXShellScriptBuildPhase section */

/* Begin PBXSourcesBuildPhase section */
		0AE6442C242F4D46001EEEFB /* Sources */ = {
			isa = PBXSourcesBuildPhase;
			buildActionMask = 2147483647;
			files = (
				0AE64448242F4EA7001EEEFB /* AppCoordinator.swift in Sources */,
				0AE6445C242F5D27001EEEFB /* FirstView.swift in Sources */,
				0AE64438242F4D46001EEEFB /* ViewController.swift in Sources */,
				0AE6444E242F526F001EEEFB /* MVVMViewController.swift in Sources */,
				0AE64458242F5D06001EEEFB /* FirstViewController.swift in Sources */,
				0AE64434242F4D46001EEEFB /* AppDelegate.swift in Sources */,
				0AE64436242F4D46001EEEFB /* SceneDelegate.swift in Sources */,
				0AE6444D242F526F001EEEFB /* MVVMView.swift in Sources */,
				0AE6445A242F5D15001EEEFB /* FirstViewModel.swift in Sources */,
				0AE6444F242F526F001EEEFB /* MVVMViewModel.swift in Sources */,
			);
			runOnlyForDeploymentPostprocessing = 0;
		};
/* End PBXSourcesBuildPhase section */

/* Begin PBXVariantGroup section */
		0AE6443E242F4D47001EEEFB /* LaunchScreen.storyboard */ = {
			isa = PBXVariantGroup;
			children = (
				0AE6443F242F4D47001EEEFB /* Base */,
			);
			name = LaunchScreen.storyboard;
			sourceTree = "<group>";
		};
/* End PBXVariantGroup section */

/* Begin XCBuildConfiguration section */
		0AE64442242F4D47001EEEFB /* Debug */ = {
			isa = XCBuildConfiguration;
			buildSettings = {
				ALWAYS_SEARCH_USER_PATHS = NO;
				CLANG_ANALYZER_NONNULL = YES;
				CLANG_ANALYZER_NUMBER_OBJECT_CONVERSION = YES_AGGRESSIVE;
				CLANG_CXX_LANGUAGE_STANDARD = "gnu++14";
				CLANG_CXX_LIBRARY = "libc++";
				CLANG_ENABLE_MODULES = YES;
				CLANG_ENABLE_OBJC_ARC = YES;
				CLANG_ENABLE_OBJC_WEAK = YES;
				CLANG_WARN_BLOCK_CAPTURE_AUTORELEASING = YES;
				CLANG_WARN_BOOL_CONVERSION = YES;
				CLANG_WARN_COMMA = YES;
				CLANG_WARN_CONSTANT_CONVERSION = YES;
				CLANG_WARN_DEPRECATED_OBJC_IMPLEMENTATIONS = YES;
				CLANG_WARN_DIRECT_OBJC_ISA_USAGE = YES_ERROR;
				CLANG_WARN_DOCUMENTATION_COMMENTS = YES;
				CLANG_WARN_EMPTY_BODY = YES;
				CLANG_WARN_ENUM_CONVERSION = YES;
				CLANG_WARN_INFINITE_RECURSION = YES;
				CLANG_WARN_INT_CONVERSION = YES;
				CLANG_WARN_NON_LITERAL_NULL_CONVERSION = YES;
				CLANG_WARN_OBJC_IMPLICIT_RETAIN_SELF = YES;
				CLANG_WARN_OBJC_LITERAL_CONVERSION = YES;
				CLANG_WARN_OBJC_ROOT_CLASS = YES_ERROR;
				CLANG_WARN_RANGE_LOOP_ANALYSIS = YES;
				CLANG_WARN_STRICT_PROTOTYPES = YES;
				CLANG_WARN_SUSPICIOUS_MOVE = YES;
				CLANG_WARN_UNGUARDED_AVAILABILITY = YES_AGGRESSIVE;
				CLANG_WARN_UNREACHABLE_CODE = YES;
				CLANG_WARN__DUPLICATE_METHOD_MATCH = YES;
				COPY_PHASE_STRIP = NO;
				DEBUG_INFORMATION_FORMAT = dwarf;
				ENABLE_STRICT_OBJC_MSGSEND = YES;
				ENABLE_TESTABILITY = YES;
				GCC_C_LANGUAGE_STANDARD = gnu11;
				GCC_DYNAMIC_NO_PIC = NO;
				GCC_NO_COMMON_BLOCKS = YES;
				GCC_OPTIMIZATION_LEVEL = 0;
				GCC_PREPROCESSOR_DEFINITIONS = (
					"DEBUG=1",
					"$(inherited)",
				);
				GCC_WARN_64_TO_32_BIT_CONVERSION = YES;
				GCC_WARN_ABOUT_RETURN_TYPE = YES_ERROR;
				GCC_WARN_UNDECLARED_SELECTOR = YES;
				GCC_WARN_UNINITIALIZED_AUTOS = YES_AGGRESSIVE;
				GCC_WARN_UNUSED_FUNCTION = YES;
				GCC_WARN_UNUSED_VARIABLE = YES;
				IPHONEOS_DEPLOYMENT_TARGET = 13.4;
				MTL_ENABLE_DEBUG_INFO = INCLUDE_SOURCE;
				MTL_FAST_MATH = YES;
				ONLY_ACTIVE_ARCH = YES;
				SDKROOT = iphoneos;
				SWIFT_ACTIVE_COMPILATION_CONDITIONS = DEBUG;
				SWIFT_OPTIMIZATION_LEVEL = "-Onone";
			};
			name = Debug;
		};
		0AE64443242F4D47001EEEFB /* Release */ = {
			isa = XCBuildConfiguration;
			buildSettings = {
				ALWAYS_SEARCH_USER_PATHS = NO;
				CLANG_ANALYZER_NONNULL = YES;
				CLANG_ANALYZER_NUMBER_OBJECT_CONVERSION = YES_AGGRESSIVE;
				CLANG_CXX_LANGUAGE_STANDARD = "gnu++14";
				CLANG_CXX_LIBRARY = "libc++";
				CLANG_ENABLE_MODULES = YES;
				CLANG_ENABLE_OBJC_ARC = YES;
				CLANG_ENABLE_OBJC_WEAK = YES;
				CLANG_WARN_BLOCK_CAPTURE_AUTORELEASING = YES;
				CLANG_WARN_BOOL_CONVERSION = YES;
				CLANG_WARN_COMMA = YES;
				CLANG_WARN_CONSTANT_CONVERSION = YES;
				CLANG_WARN_DEPRECATED_OBJC_IMPLEMENTATIONS = YES;
				CLANG_WARN_DIRECT_OBJC_ISA_USAGE = YES_ERROR;
				CLANG_WARN_DOCUMENTATION_COMMENTS = YES;
				CLANG_WARN_EMPTY_BODY = YES;
				CLANG_WARN_ENUM_CONVERSION = YES;
				CLANG_WARN_INFINITE_RECURSION = YES;
				CLANG_WARN_INT_CONVERSION = YES;
				CLANG_WARN_NON_LITERAL_NULL_CONVERSION = YES;
				CLANG_WARN_OBJC_IMPLICIT_RETAIN_SELF = YES;
				CLANG_WARN_OBJC_LITERAL_CONVERSION = YES;
				CLANG_WARN_OBJC_ROOT_CLASS = YES_ERROR;
				CLANG_WARN_RANGE_LOOP_ANALYSIS = YES;
				CLANG_WARN_STRICT_PROTOTYPES = YES;
				CLANG_WARN_SUSPICIOUS_MOVE = YES;
				CLANG_WARN_UNGUARDED_AVAILABILITY = YES_AGGRESSIVE;
				CLANG_WARN_UNREACHABLE_CODE = YES;
				CLANG_WARN__DUPLICATE_METHOD_MATCH = YES;
				COPY_PHASE_STRIP = NO;
				DEBUG_INFORMATION_FORMAT = "dwarf-with-dsym";
				ENABLE_NS_ASSERTIONS = NO;
				ENABLE_STRICT_OBJC_MSGSEND = YES;
				GCC_C_LANGUAGE_STANDARD = gnu11;
				GCC_NO_COMMON_BLOCKS = YES;
				GCC_WARN_64_TO_32_BIT_CONVERSION = YES;
				GCC_WARN_ABOUT_RETURN_TYPE = YES_ERROR;
				GCC_WARN_UNDECLARED_SELECTOR = YES;
				GCC_WARN_UNINITIALIZED_AUTOS = YES_AGGRESSIVE;
				GCC_WARN_UNUSED_FUNCTION = YES;
				GCC_WARN_UNUSED_VARIABLE = YES;
				IPHONEOS_DEPLOYMENT_TARGET = 13.4;
				MTL_ENABLE_DEBUG_INFO = NO;
				MTL_FAST_MATH = YES;
				SDKROOT = iphoneos;
				SWIFT_COMPILATION_MODE = wholemodule;
				SWIFT_OPTIMIZATION_LEVEL = "-O";
				VALIDATE_PRODUCT = YES;
			};
			name = Release;
		};
		0AE64445242F4D47001EEEFB /* Debug */ = {
			isa = XCBuildConfiguration;
			baseConfigurationReference = 33EE17DEC0444634E21AC85F /* Pods-RxMVVM.debug.xcconfig */;
			buildSettings = {
				ASSETCATALOG_COMPILER_APPICON_NAME = AppIcon;
				CODE_SIGN_STYLE = Automatic;
				DEVELOPMENT_TEAM = S6ABAFXJXX;
				INFOPLIST_FILE = RxMVVM/Info.plist;
				LD_RUNPATH_SEARCH_PATHS = (
					"$(inherited)",
					"@executable_path/Frameworks",
				);
				PRODUCT_BUNDLE_IDENTIFIER = com.dmitry.RxMVVM;
				PRODUCT_NAME = "$(TARGET_NAME)";
				SWIFT_VERSION = 5.0;
				TARGETED_DEVICE_FAMILY = "1,2";
			};
			name = Debug;
		};
		0AE64446242F4D47001EEEFB /* Release */ = {
			isa = XCBuildConfiguration;
			baseConfigurationReference = 35BCD3705CC4A924C747CA51 /* Pods-RxMVVM.release.xcconfig */;
			buildSettings = {
				ASSETCATALOG_COMPILER_APPICON_NAME = AppIcon;
				CODE_SIGN_STYLE = Automatic;
				DEVELOPMENT_TEAM = S6ABAFXJXX;
				INFOPLIST_FILE = RxMVVM/Info.plist;
				LD_RUNPATH_SEARCH_PATHS = (
					"$(inherited)",
					"@executable_path/Frameworks",
				);
				PRODUCT_BUNDLE_IDENTIFIER = com.dmitry.RxMVVM;
				PRODUCT_NAME = "$(TARGET_NAME)";
				SWIFT_VERSION = 5.0;
				TARGETED_DEVICE_FAMILY = "1,2";
			};
			name = Release;
		};
/* End XCBuildConfiguration section */

/* Begin XCConfigurationList section */
		0AE6442B242F4D46001EEEFB /* Build configuration list for PBXProject "RxMVVM" */ = {
			isa = XCConfigurationList;
			buildConfigurations = (
				0AE64442242F4D47001EEEFB /* Debug */,
				0AE64443242F4D47001EEEFB /* Release */,
			);
			defaultConfigurationIsVisible = 0;
			defaultConfigurationName = Release;
		};
		0AE64444242F4D47001EEEFB /* Build configuration list for PBXNativeTarget "RxMVVM" */ = {
			isa = XCConfigurationList;
			buildConfigurations = (
				0AE64445242F4D47001EEEFB /* Debug */,
				0AE64446242F4D47001EEEFB /* Release */,
			);
			defaultConfigurationIsVisible = 0;
			defaultConfigurationName = Release;
		};
/* End XCConfigurationList section */
	};
	rootObject = 0AE64428242F4D46001EEEFB /* Project object */;
}
