// !$*UTF8*$!
{
	archiveVersion = 1;
	classes = {
	};
	objectVersion = 50;
	objects = {

/* Begin PBXBuildFile section */
		0A6715ED24323A7E00E84D0F /* Networking.swift in Sources */ = {isa = PBXBuildFile; fileRef = 0A6715EC24323A7E00E84D0F /* Networking.swift */; };
		0A6715EF243242A900E84D0F /* RouterInterface.swift in Sources */ = {isa = PBXBuildFile; fileRef = 0A6715EE243242A900E84D0F /* RouterInterface.swift */; };
		0A6715F12432435800E84D0F /* HTTPMethod.swift in Sources */ = {isa = PBXBuildFile; fileRef = 0A6715F02432435800E84D0F /* HTTPMethod.swift */; };
		0A6715F624324DB300E84D0F /* ComicsRouter.swift in Sources */ = {isa = PBXBuildFile; fileRef = 0A6715F524324DB200E84D0F /* ComicsRouter.swift */; };
		0A8ACA732432688300A341A7 /* Constants.swift in Sources */ = {isa = PBXBuildFile; fileRef = 0A8ACA722432688300A341A7 /* Constants.swift */; };
		0A8ACA762432696200A341A7 /* CharacterRouter.swift in Sources */ = {isa = PBXBuildFile; fileRef = 0A8ACA752432696200A341A7 /* CharacterRouter.swift */; };
		0A8ACA7924326B7800A341A7 /* GetComicsResponse.swift in Sources */ = {isa = PBXBuildFile; fileRef = 0A8ACA7824326B7800A341A7 /* GetComicsResponse.swift */; };
		0A8ACA7F24326CAE00A341A7 /* GetCharacterRespose.swift in Sources */ = {isa = PBXBuildFile; fileRef = 0A8ACA7E24326CAE00A341A7 /* GetCharacterRespose.swift */; };
		0A8ACA8124326E6F00A341A7 /* Character.swift in Sources */ = {isa = PBXBuildFile; fileRef = 0A8ACA8024326E6F00A341A7 /* Character.swift */; };
		0A8ACA8324326E8200A341A7 /* Comics.swift in Sources */ = {isa = PBXBuildFile; fileRef = 0A8ACA8224326E8200A341A7 /* Comics.swift */; };
		0A8ACA8524326F5D00A341A7 /* Thumbnail.swift in Sources */ = {isa = PBXBuildFile; fileRef = 0A8ACA8424326F5D00A341A7 /* Thumbnail.swift */; };
		0A8FE72E242FA4FD0088912D /* UIView.swift in Sources */ = {isa = PBXBuildFile; fileRef = 0A8FE72D242FA4FD0088912D /* UIView.swift */; };
		0A99A7CF2452163B000BB279 /* CharacterView.swift in Sources */ = {isa = PBXBuildFile; fileRef = 0A99A7CE2452163B000BB279 /* CharacterView.swift */; };
		0A99A7D12452167B000BB279 /* CharactersViewModel.swift in Sources */ = {isa = PBXBuildFile; fileRef = 0A99A7D02452167B000BB279 /* CharactersViewModel.swift */; };
		0A99A7D42452169A000BB279 /* CharactersViewController.swift in Sources */ = {isa = PBXBuildFile; fileRef = 0A99A7D32452169A000BB279 /* CharactersViewController.swift */; };
		0A99A7D624521874000BB279 /* CharacterDetailViewController.swift in Sources */ = {isa = PBXBuildFile; fileRef = 0A99A7D524521874000BB279 /* CharacterDetailViewController.swift */; };
		0A99A7D8245218BA000BB279 /* CharacterDetailView.swift in Sources */ = {isa = PBXBuildFile; fileRef = 0A99A7D7245218BA000BB279 /* CharacterDetailView.swift */; };
		0A99A7DA245218E4000BB279 /* CharacterDetailViewModel.swift in Sources */ = {isa = PBXBuildFile; fileRef = 0A99A7D9245218E4000BB279 /* CharacterDetailViewModel.swift */; };
		0AB2B999245DA5D20032900A /* ServicesAssembly.swift in Sources */ = {isa = PBXBuildFile; fileRef = 0AB2B998245DA5D20032900A /* ServicesAssembly.swift */; };
		0AB2B99B245DA6900032900A /* DetailAssembly.swift in Sources */ = {isa = PBXBuildFile; fileRef = 0AB2B99A245DA6900032900A /* DetailAssembly.swift */; };
		0AB2B99D245DA6A70032900A /* CharactersAssembly.swift in Sources */ = {isa = PBXBuildFile; fileRef = 0AB2B99C245DA6A70032900A /* CharactersAssembly.swift */; };
		0AB2B99F245DA8170032900A /* Assembler.swift in Sources */ = {isa = PBXBuildFile; fileRef = 0AB2B99E245DA8170032900A /* Assembler.swift */; };
		0AB2B9A7245DC7E60032900A /* RxMVVMTests.swift in Sources */ = {isa = PBXBuildFile; fileRef = 0AB2B9A6245DC7E60032900A /* RxMVVMTests.swift */; };
		0AB5ACC0244328FC00B49CA1 /* UIScrollView.swift in Sources */ = {isa = PBXBuildFile; fileRef = 0AB5ACBF244328FC00B49CA1 /* UIScrollView.swift */; };
		0AD23A33245EC82F007F76F1 /* CharactersList.json in Resources */ = {isa = PBXBuildFile; fileRef = 0AD23A32245EC82F007F76F1 /* CharactersList.json */; };
		0AD23A35245EC855007F76F1 /* ComicsList.json in Resources */ = {isa = PBXBuildFile; fileRef = 0AD23A34245EC855007F76F1 /* ComicsList.json */; };
		0AE64434242F4D46001EEEFB /* AppDelegate.swift in Sources */ = {isa = PBXBuildFile; fileRef = 0AE64433242F4D46001EEEFB /* AppDelegate.swift */; };
		0AE64436242F4D46001EEEFB /* SceneDelegate.swift in Sources */ = {isa = PBXBuildFile; fileRef = 0AE64435242F4D46001EEEFB /* SceneDelegate.swift */; };
		0AE64438242F4D46001EEEFB /* ViewController.swift in Sources */ = {isa = PBXBuildFile; fileRef = 0AE64437242F4D46001EEEFB /* ViewController.swift */; };
		0AE6443D242F4D47001EEEFB /* Assets.xcassets in Resources */ = {isa = PBXBuildFile; fileRef = 0AE6443C242F4D47001EEEFB /* Assets.xcassets */; };
		0AE64440242F4D47001EEEFB /* LaunchScreen.storyboard in Resources */ = {isa = PBXBuildFile; fileRef = 0AE6443E242F4D47001EEEFB /* LaunchScreen.storyboard */; };
		0AE64448242F4EA7001EEEFB /* AppCoordinator.swift in Sources */ = {isa = PBXBuildFile; fileRef = 0AE64447242F4EA7001EEEFB /* AppCoordinator.swift */; };
		0AE6444D242F526F001EEEFB /* MVVMView.swift in Sources */ = {isa = PBXBuildFile; fileRef = 0AE6444A242F526F001EEEFB /* MVVMView.swift */; };
		0AE6444E242F526F001EEEFB /* MVVMViewController.swift in Sources */ = {isa = PBXBuildFile; fileRef = 0AE6444B242F526F001EEEFB /* MVVMViewController.swift */; };
		0AE6444F242F526F001EEEFB /* MVVMViewModel.swift in Sources */ = {isa = PBXBuildFile; fileRef = 0AE6444C242F526F001EEEFB /* MVVMViewModel.swift */; };
		0AE8A392245365F10073250B /* CharacterTableViewCell.swift in Sources */ = {isa = PBXBuildFile; fileRef = 0AE8A391245365F10073250B /* CharacterTableViewCell.swift */; };
		0AEC4E7D242FCD9600058652 /* MVVMTableViewCell.swift in Sources */ = {isa = PBXBuildFile; fileRef = 0AEC4E7C242FCD9600058652 /* MVVMTableViewCell.swift */; };
		0AEC4E7F242FCF8500058652 /* MVVMCollectionViewCell.swift in Sources */ = {isa = PBXBuildFile; fileRef = 0AEC4E7E242FCF8500058652 /* MVVMCollectionViewCell.swift */; };
		0AEC4E81242FD65300058652 /* ComicsCollectionViewCell.swift in Sources */ = {isa = PBXBuildFile; fileRef = 0AEC4E80242FD65300058652 /* ComicsCollectionViewCell.swift */; };
		0AEC67282430D579004A01DD /* Reactive.swift in Sources */ = {isa = PBXBuildFile; fileRef = 0AEC67272430D579004A01DD /* Reactive.swift */; };
		0AEC672B2430FE86004A01DD /* AlertControllerFactory.swift in Sources */ = {isa = PBXBuildFile; fileRef = 0AEC672A2430FE86004A01DD /* AlertControllerFactory.swift */; };
		0AFDBD5824548D7D00A59D26 /* GetCharactersResponse.swift in Sources */ = {isa = PBXBuildFile; fileRef = 0AFDBD5724548D7D00A59D26 /* GetCharactersResponse.swift */; };
		E12120117375A0CDD43E6062 /* Pods_RxMVVM.framework in Frameworks */ = {isa = PBXBuildFile; fileRef = 70AF3054D98A219DE42109B4 /* Pods_RxMVVM.framework */; };
		EB6473B9FFA89A20C47A2DA7 /* Pods_RxMVVM_RxMVVMTests.framework in Frameworks */ = {isa = PBXBuildFile; fileRef = ACA442A7FDEF2D5C0F62ABC6 /* Pods_RxMVVM_RxMVVMTests.framework */; };
/* End PBXBuildFile section */

/* Begin PBXContainerItemProxy section */
		0AB2B9A9245DC7E60032900A /* PBXContainerItemProxy */ = {
			isa = PBXContainerItemProxy;
			containerPortal = 0AE64428242F4D46001EEEFB /* Project object */;
			proxyType = 1;
			remoteGlobalIDString = 0AE6442F242F4D46001EEEFB;
			remoteInfo = RxMVVM;
		};
/* End PBXContainerItemProxy section */

/* Begin PBXFileReference section */
		0A6715EC24323A7E00E84D0F /* Networking.swift */ = {isa = PBXFileReference; lastKnownFileType = sourcecode.swift; path = Networking.swift; sourceTree = "<group>"; };
		0A6715EE243242A900E84D0F /* RouterInterface.swift */ = {isa = PBXFileReference; lastKnownFileType = sourcecode.swift; path = RouterInterface.swift; sourceTree = "<group>"; };
		0A6715F02432435800E84D0F /* HTTPMethod.swift */ = {isa = PBXFileReference; lastKnownFileType = sourcecode.swift; path = HTTPMethod.swift; sourceTree = "<group>"; };
		0A6715F524324DB200E84D0F /* ComicsRouter.swift */ = {isa = PBXFileReference; lastKnownFileType = sourcecode.swift; path = ComicsRouter.swift; sourceTree = "<group>"; };
		0A8ACA722432688300A341A7 /* Constants.swift */ = {isa = PBXFileReference; lastKnownFileType = sourcecode.swift; path = Constants.swift; sourceTree = "<group>"; };
		0A8ACA752432696200A341A7 /* CharacterRouter.swift */ = {isa = PBXFileReference; lastKnownFileType = sourcecode.swift; path = CharacterRouter.swift; sourceTree = "<group>"; };
		0A8ACA7824326B7800A341A7 /* GetComicsResponse.swift */ = {isa = PBXFileReference; lastKnownFileType = sourcecode.swift; path = GetComicsResponse.swift; sourceTree = "<group>"; };
		0A8ACA7E24326CAE00A341A7 /* GetCharacterRespose.swift */ = {isa = PBXFileReference; lastKnownFileType = sourcecode.swift; path = GetCharacterRespose.swift; sourceTree = "<group>"; };
		0A8ACA8024326E6F00A341A7 /* Character.swift */ = {isa = PBXFileReference; lastKnownFileType = sourcecode.swift; path = Character.swift; sourceTree = "<group>"; };
		0A8ACA8224326E8200A341A7 /* Comics.swift */ = {isa = PBXFileReference; lastKnownFileType = sourcecode.swift; path = Comics.swift; sourceTree = "<group>"; };
		0A8ACA8424326F5D00A341A7 /* Thumbnail.swift */ = {isa = PBXFileReference; lastKnownFileType = sourcecode.swift; path = Thumbnail.swift; sourceTree = "<group>"; };
		0A8FE72D242FA4FD0088912D /* UIView.swift */ = {isa = PBXFileReference; lastKnownFileType = sourcecode.swift; path = UIView.swift; sourceTree = "<group>"; };
		0A99A7CE2452163B000BB279 /* CharacterView.swift */ = {isa = PBXFileReference; lastKnownFileType = sourcecode.swift; path = CharacterView.swift; sourceTree = "<group>"; };
		0A99A7D02452167B000BB279 /* CharactersViewModel.swift */ = {isa = PBXFileReference; lastKnownFileType = sourcecode.swift; path = CharactersViewModel.swift; sourceTree = "<group>"; };
		0A99A7D32452169A000BB279 /* CharactersViewController.swift */ = {isa = PBXFileReference; lastKnownFileType = sourcecode.swift; path = CharactersViewController.swift; sourceTree = "<group>"; };
		0A99A7D524521874000BB279 /* CharacterDetailViewController.swift */ = {isa = PBXFileReference; lastKnownFileType = sourcecode.swift; path = CharacterDetailViewController.swift; sourceTree = "<group>"; };
		0A99A7D7245218BA000BB279 /* CharacterDetailView.swift */ = {isa = PBXFileReference; lastKnownFileType = sourcecode.swift; path = CharacterDetailView.swift; sourceTree = "<group>"; };
		0A99A7D9245218E4000BB279 /* CharacterDetailViewModel.swift */ = {isa = PBXFileReference; lastKnownFileType = sourcecode.swift; path = CharacterDetailViewModel.swift; sourceTree = "<group>"; };
		0AB2B998245DA5D20032900A /* ServicesAssembly.swift */ = {isa = PBXFileReference; lastKnownFileType = sourcecode.swift; path = ServicesAssembly.swift; sourceTree = "<group>"; };
		0AB2B99A245DA6900032900A /* DetailAssembly.swift */ = {isa = PBXFileReference; lastKnownFileType = sourcecode.swift; path = DetailAssembly.swift; sourceTree = "<group>"; };
		0AB2B99C245DA6A70032900A /* CharactersAssembly.swift */ = {isa = PBXFileReference; lastKnownFileType = sourcecode.swift; path = CharactersAssembly.swift; sourceTree = "<group>"; };
		0AB2B99E245DA8170032900A /* Assembler.swift */ = {isa = PBXFileReference; lastKnownFileType = sourcecode.swift; path = Assembler.swift; sourceTree = "<group>"; };
		0AB2B9A4245DC7E60032900A /* RxMVVMTests.xctest */ = {isa = PBXFileReference; explicitFileType = wrapper.cfbundle; includeInIndex = 0; path = RxMVVMTests.xctest; sourceTree = BUILT_PRODUCTS_DIR; };
		0AB2B9A6245DC7E60032900A /* RxMVVMTests.swift */ = {isa = PBXFileReference; lastKnownFileType = sourcecode.swift; path = RxMVVMTests.swift; sourceTree = "<group>"; };
		0AB2B9A8245DC7E60032900A /* Info.plist */ = {isa = PBXFileReference; lastKnownFileType = text.plist.xml; path = Info.plist; sourceTree = "<group>"; };
		0AB5ACBF244328FC00B49CA1 /* UIScrollView.swift */ = {isa = PBXFileReference; lastKnownFileType = sourcecode.swift; path = UIScrollView.swift; sourceTree = "<group>"; };
		0AD23A32245EC82F007F76F1 /* CharactersList.json */ = {isa = PBXFileReference; fileEncoding = 4; lastKnownFileType = text.json; path = CharactersList.json; sourceTree = "<group>"; };
		0AD23A34245EC855007F76F1 /* ComicsList.json */ = {isa = PBXFileReference; fileEncoding = 4; lastKnownFileType = text.json; path = ComicsList.json; sourceTree = "<group>"; };
		0AE64430242F4D46001EEEFB /* RxMVVM.app */ = {isa = PBXFileReference; explicitFileType = wrapper.application; includeInIndex = 0; path = RxMVVM.app; sourceTree = BUILT_PRODUCTS_DIR; };
		0AE64433242F4D46001EEEFB /* AppDelegate.swift */ = {isa = PBXFileReference; lastKnownFileType = sourcecode.swift; path = AppDelegate.swift; sourceTree = "<group>"; };
		0AE64435242F4D46001EEEFB /* SceneDelegate.swift */ = {isa = PBXFileReference; lastKnownFileType = sourcecode.swift; path = SceneDelegate.swift; sourceTree = "<group>"; };
		0AE64437242F4D46001EEEFB /* ViewController.swift */ = {isa = PBXFileReference; lastKnownFileType = sourcecode.swift; path = ViewController.swift; sourceTree = "<group>"; };
		0AE6443C242F4D47001EEEFB /* Assets.xcassets */ = {isa = PBXFileReference; lastKnownFileType = folder.assetcatalog; path = Assets.xcassets; sourceTree = "<group>"; };
		0AE6443F242F4D47001EEEFB /* Base */ = {isa = PBXFileReference; lastKnownFileType = file.storyboard; name = Base; path = Base.lproj/LaunchScreen.storyboard; sourceTree = "<group>"; };
		0AE64441242F4D47001EEEFB /* Info.plist */ = {isa = PBXFileReference; lastKnownFileType = text.plist.xml; path = Info.plist; sourceTree = "<group>"; };
		0AE64447242F4EA7001EEEFB /* AppCoordinator.swift */ = {isa = PBXFileReference; lastKnownFileType = sourcecode.swift; path = AppCoordinator.swift; sourceTree = "<group>"; };
		0AE6444A242F526F001EEEFB /* MVVMView.swift */ = {isa = PBXFileReference; fileEncoding = 4; lastKnownFileType = sourcecode.swift; path = MVVMView.swift; sourceTree = "<group>"; };
		0AE6444B242F526F001EEEFB /* MVVMViewController.swift */ = {isa = PBXFileReference; fileEncoding = 4; lastKnownFileType = sourcecode.swift; path = MVVMViewController.swift; sourceTree = "<group>"; };
		0AE6444C242F526F001EEEFB /* MVVMViewModel.swift */ = {isa = PBXFileReference; fileEncoding = 4; lastKnownFileType = sourcecode.swift; path = MVVMViewModel.swift; sourceTree = "<group>"; };
		0AE8A391245365F10073250B /* CharacterTableViewCell.swift */ = {isa = PBXFileReference; lastKnownFileType = sourcecode.swift; path = CharacterTableViewCell.swift; sourceTree = "<group>"; };
		0AEC4E7C242FCD9600058652 /* MVVMTableViewCell.swift */ = {isa = PBXFileReference; lastKnownFileType = sourcecode.swift; path = MVVMTableViewCell.swift; sourceTree = "<group>"; };
		0AEC4E7E242FCF8500058652 /* MVVMCollectionViewCell.swift */ = {isa = PBXFileReference; lastKnownFileType = sourcecode.swift; path = MVVMCollectionViewCell.swift; sourceTree = "<group>"; };
		0AEC4E80242FD65300058652 /* ComicsCollectionViewCell.swift */ = {isa = PBXFileReference; lastKnownFileType = sourcecode.swift; path = ComicsCollectionViewCell.swift; sourceTree = "<group>"; };
		0AEC67272430D579004A01DD /* Reactive.swift */ = {isa = PBXFileReference; lastKnownFileType = sourcecode.swift; path = Reactive.swift; sourceTree = "<group>"; };
		0AEC672A2430FE86004A01DD /* AlertControllerFactory.swift */ = {isa = PBXFileReference; lastKnownFileType = sourcecode.swift; path = AlertControllerFactory.swift; sourceTree = "<group>"; };
		0AFDBD5724548D7D00A59D26 /* GetCharactersResponse.swift */ = {isa = PBXFileReference; lastKnownFileType = sourcecode.swift; path = GetCharactersResponse.swift; sourceTree = "<group>"; };
		33EE17DEC0444634E21AC85F /* Pods-RxMVVM.debug.xcconfig */ = {isa = PBXFileReference; includeInIndex = 1; lastKnownFileType = text.xcconfig; name = "Pods-RxMVVM.debug.xcconfig"; path = "Target Support Files/Pods-RxMVVM/Pods-RxMVVM.debug.xcconfig"; sourceTree = "<group>"; };
		35BCD3705CC4A924C747CA51 /* Pods-RxMVVM.release.xcconfig */ = {isa = PBXFileReference; includeInIndex = 1; lastKnownFileType = text.xcconfig; name = "Pods-RxMVVM.release.xcconfig"; path = "Target Support Files/Pods-RxMVVM/Pods-RxMVVM.release.xcconfig"; sourceTree = "<group>"; };
		70AF3054D98A219DE42109B4 /* Pods_RxMVVM.framework */ = {isa = PBXFileReference; explicitFileType = wrapper.framework; includeInIndex = 0; path = Pods_RxMVVM.framework; sourceTree = BUILT_PRODUCTS_DIR; };
		7FBA477EF5AF52BAABC49F1F /* Pods-RxMVVM-RxMVVMTests.release.xcconfig */ = {isa = PBXFileReference; includeInIndex = 1; lastKnownFileType = text.xcconfig; name = "Pods-RxMVVM-RxMVVMTests.release.xcconfig"; path = "Target Support Files/Pods-RxMVVM-RxMVVMTests/Pods-RxMVVM-RxMVVMTests.release.xcconfig"; sourceTree = "<group>"; };
		93B8EA7373CF86FE44E3D64D /* Pods-RxMVVM-RxMVVMTests.debug.xcconfig */ = {isa = PBXFileReference; includeInIndex = 1; lastKnownFileType = text.xcconfig; name = "Pods-RxMVVM-RxMVVMTests.debug.xcconfig"; path = "Target Support Files/Pods-RxMVVM-RxMVVMTests/Pods-RxMVVM-RxMVVMTests.debug.xcconfig"; sourceTree = "<group>"; };
		ACA442A7FDEF2D5C0F62ABC6 /* Pods_RxMVVM_RxMVVMTests.framework */ = {isa = PBXFileReference; explicitFileType = wrapper.framework; includeInIndex = 0; path = Pods_RxMVVM_RxMVVMTests.framework; sourceTree = BUILT_PRODUCTS_DIR; };
/* End PBXFileReference section */

/* Begin PBXFrameworksBuildPhase section */
		0AB2B9A1245DC7E60032900A /* Frameworks */ = {
			isa = PBXFrameworksBuildPhase;
			buildActionMask = 2147483647;
			files = (
				EB6473B9FFA89A20C47A2DA7 /* Pods_RxMVVM_RxMVVMTests.framework in Frameworks */,
			);
			runOnlyForDeploymentPostprocessing = 0;
		};
		0AE6442D242F4D46001EEEFB /* Frameworks */ = {
			isa = PBXFrameworksBuildPhase;
			buildActionMask = 2147483647;
			files = (
				E12120117375A0CDD43E6062 /* Pods_RxMVVM.framework in Frameworks */,
			);
			runOnlyForDeploymentPostprocessing = 0;
		};
/* End PBXFrameworksBuildPhase section */

/* Begin PBXGroup section */
		0A6715EB24323A5800E84D0F /* Networking */ = {
			isa = PBXGroup;
			children = (
				0AB2B998245DA5D20032900A /* ServicesAssembly.swift */,
				0A8ACA7724326B5D00A341A7 /* Responses */,
				0A8ACA742432691B00A341A7 /* Routers */,
				0A6715EC24323A7E00E84D0F /* Networking.swift */,
			);
			path = Networking;
			sourceTree = "<group>";
		};
		0A8ACA742432691B00A341A7 /* Routers */ = {
			isa = PBXGroup;
			children = (
				0A6715EE243242A900E84D0F /* RouterInterface.swift */,
				0A6715F524324DB200E84D0F /* ComicsRouter.swift */,
				0A8ACA752432696200A341A7 /* CharacterRouter.swift */,
			);
			path = Routers;
			sourceTree = "<group>";
		};
		0A8ACA7724326B5D00A341A7 /* Responses */ = {
			isa = PBXGroup;
			children = (
				0AFDBD5724548D7D00A59D26 /* GetCharactersResponse.swift */,
				0A8ACA7824326B7800A341A7 /* GetComicsResponse.swift */,
				0A8ACA7E24326CAE00A341A7 /* GetCharacterRespose.swift */,
			);
			path = Responses;
			sourceTree = "<group>";
		};
		0A8FE72C242FA4EE0088912D /* Extensions */ = {
			isa = PBXGroup;
			children = (
				0A8FE72D242FA4FD0088912D /* UIView.swift */,
				0AEC67272430D579004A01DD /* Reactive.swift */,
				0A6715F02432435800E84D0F /* HTTPMethod.swift */,
				0AB5ACBF244328FC00B49CA1 /* UIScrollView.swift */,
				0AB2B99E245DA8170032900A /* Assembler.swift */,
			);
			path = Extensions;
			sourceTree = "<group>";
		};
		0A99A7C6245215A6000BB279 /* Characters */ = {
			isa = PBXGroup;
			children = (
				0AB2B99C245DA6A70032900A /* CharactersAssembly.swift */,
				0A99A7CA245215D8000BB279 /* Controller */,
				0A99A7C9245215D1000BB279 /* ViewModel */,
				0A99A7C8245215CC000BB279 /* View */,
			);
			path = Characters;
			sourceTree = "<group>";
		};
		0A99A7C7245215BD000BB279 /* Detail */ = {
			isa = PBXGroup;
			children = (
				0AB2B99A245DA6900032900A /* DetailAssembly.swift */,
				0A99A7CD245215F2000BB279 /* Controller */,
				0A99A7CC245215EA000BB279 /* ViewModel */,
				0A99A7CB245215E5000BB279 /* View */,
			);
			path = Detail;
			sourceTree = "<group>";
		};
		0A99A7C8245215CC000BB279 /* View */ = {
			isa = PBXGroup;
			children = (
				0AE8A390245365D60073250B /* Cell */,
				0A99A7CE2452163B000BB279 /* CharacterView.swift */,
			);
			path = View;
			sourceTree = "<group>";
		};
		0A99A7C9245215D1000BB279 /* ViewModel */ = {
			isa = PBXGroup;
			children = (
				0A99A7D02452167B000BB279 /* CharactersViewModel.swift */,
			);
			path = ViewModel;
			sourceTree = "<group>";
		};
		0A99A7CA245215D8000BB279 /* Controller */ = {
			isa = PBXGroup;
			children = (
				0A99A7D32452169A000BB279 /* CharactersViewController.swift */,
			);
			path = Controller;
			sourceTree = "<group>";
		};
		0A99A7CB245215E5000BB279 /* View */ = {
			isa = PBXGroup;
			children = (
				0AEC4E76242FCC3B00058652 /* Cell */,
				0A99A7D7245218BA000BB279 /* CharacterDetailView.swift */,
			);
			path = View;
			sourceTree = "<group>";
		};
		0A99A7CC245215EA000BB279 /* ViewModel */ = {
			isa = PBXGroup;
			children = (
				0A99A7D9245218E4000BB279 /* CharacterDetailViewModel.swift */,
			);
			path = ViewModel;
			sourceTree = "<group>";
		};
		0A99A7CD245215F2000BB279 /* Controller */ = {
			isa = PBXGroup;
			children = (
				0A99A7D524521874000BB279 /* CharacterDetailViewController.swift */,
			);
			path = Controller;
			sourceTree = "<group>";
		};
		0AB2B9A5245DC7E60032900A /* RxMVVMTests */ = {
			isa = PBXGroup;
			children = (
				0AD23A2F245EC761007F76F1 /* TestData */,
				0AB2B9A6245DC7E60032900A /* RxMVVMTests.swift */,
				0AB2B9A8245DC7E60032900A /* Info.plist */,
			);
			path = RxMVVMTests;
			sourceTree = "<group>";
		};
		0AD23A2F245EC761007F76F1 /* TestData */ = {
			isa = PBXGroup;
			children = (
				0AD23A34245EC855007F76F1 /* ComicsList.json */,
				0AD23A32245EC82F007F76F1 /* CharactersList.json */,
			);
			path = TestData;
			sourceTree = "<group>";
		};
		0AE64427242F4D46001EEEFB = {
			isa = PBXGroup;
			children = (
				0AE64432242F4D46001EEEFB /* RxMVVM */,
				0AB2B9A5245DC7E60032900A /* RxMVVMTests */,
				0AE64431242F4D46001EEEFB /* Products */,
				B6A9EB40407A9698567FE268 /* Pods */,
				21643110749EBAEFEE0552FC /* Frameworks */,
			);
			sourceTree = "<group>";
		};
		0AE64431242F4D46001EEEFB /* Products */ = {
			isa = PBXGroup;
			children = (
				0AE64430242F4D46001EEEFB /* RxMVVM.app */,
				0AB2B9A4245DC7E60032900A /* RxMVVMTests.xctest */,
			);
			name = Products;
			sourceTree = "<group>";
		};
		0AE64432242F4D46001EEEFB /* RxMVVM */ = {
			isa = PBXGroup;
			children = (
				0AE64433242F4D46001EEEFB /* AppDelegate.swift */,
				0AE64435242F4D46001EEEFB /* SceneDelegate.swift */,
				0AE64447242F4EA7001EEEFB /* AppCoordinator.swift */,
				0A8ACA722432688300A341A7 /* Constants.swift */,
				0AE64441242F4D47001EEEFB /* Info.plist */,
				0AE6443C242F4D47001EEEFB /* Assets.xcassets */,
				0AE6443E242F4D47001EEEFB /* LaunchScreen.storyboard */,
				0A6715EB24323A5800E84D0F /* Networking */,
				0AEC67292430FE5B004A01DD /* Factories */,
				0A8FE72C242FA4EE0088912D /* Extensions */,
				0AE64449242F526F001EEEFB /* Base */,
				0AEC67222430C57A004A01DD /* Entites */,
				0AE64450242F5B33001EEEFB /* Screens */,
			);
			path = RxMVVM;
			sourceTree = "<group>";
		};
		0AE64449242F526F001EEEFB /* Base */ = {
			isa = PBXGroup;
			children = (
				0AEC4E7B242FCD7700058652 /* Cell */,
				0AEC4E7A242FCD6900058652 /* Base */,
			);
			path = Base;
			sourceTree = "<group>";
		};
		0AE64450242F5B33001EEEFB /* Screens */ = {
			isa = PBXGroup;
			children = (
				0A99A7C7245215BD000BB279 /* Detail */,
				0A99A7C6245215A6000BB279 /* Characters */,
			);
			path = Screens;
			sourceTree = "<group>";
		};
		0AE8A390245365D60073250B /* Cell */ = {
			isa = PBXGroup;
			children = (
				0AE8A391245365F10073250B /* CharacterTableViewCell.swift */,
			);
			path = Cell;
			sourceTree = "<group>";
		};
		0AEC4E76242FCC3B00058652 /* Cell */ = {
			isa = PBXGroup;
			children = (
				0AEC4E80242FD65300058652 /* ComicsCollectionViewCell.swift */,
			);
			path = Cell;
			sourceTree = "<group>";
		};
		0AEC4E7A242FCD6900058652 /* Base */ = {
			isa = PBXGroup;
			children = (
				0AE6444A242F526F001EEEFB /* MVVMView.swift */,
				0AE6444B242F526F001EEEFB /* MVVMViewController.swift */,
				0AE6444C242F526F001EEEFB /* MVVMViewModel.swift */,
				0AE64437242F4D46001EEEFB /* ViewController.swift */,
			);
			path = Base;
			sourceTree = "<group>";
		};
		0AEC4E7B242FCD7700058652 /* Cell */ = {
			isa = PBXGroup;
			children = (
				0AEC4E7C242FCD9600058652 /* MVVMTableViewCell.swift */,
				0AEC4E7E242FCF8500058652 /* MVVMCollectionViewCell.swift */,
			);
			path = Cell;
			sourceTree = "<group>";
		};
		0AEC67222430C57A004A01DD /* Entites */ = {
			isa = PBXGroup;
			children = (
				0A8ACA8024326E6F00A341A7 /* Character.swift */,
				0A8ACA8224326E8200A341A7 /* Comics.swift */,
				0A8ACA8424326F5D00A341A7 /* Thumbnail.swift */,
			);
			path = Entites;
			sourceTree = "<group>";
		};
		0AEC67292430FE5B004A01DD /* Factories */ = {
			isa = PBXGroup;
			children = (
				0AEC672A2430FE86004A01DD /* AlertControllerFactory.swift */,
			);
			path = Factories;
			sourceTree = "<group>";
		};
		21643110749EBAEFEE0552FC /* Frameworks */ = {
			isa = PBXGroup;
			children = (
				70AF3054D98A219DE42109B4 /* Pods_RxMVVM.framework */,
				ACA442A7FDEF2D5C0F62ABC6 /* Pods_RxMVVM_RxMVVMTests.framework */,
			);
			name = Frameworks;
			sourceTree = "<group>";
		};
		B6A9EB40407A9698567FE268 /* Pods */ = {
			isa = PBXGroup;
			children = (
				33EE17DEC0444634E21AC85F /* Pods-RxMVVM.debug.xcconfig */,
				35BCD3705CC4A924C747CA51 /* Pods-RxMVVM.release.xcconfig */,
				93B8EA7373CF86FE44E3D64D /* Pods-RxMVVM-RxMVVMTests.debug.xcconfig */,
				7FBA477EF5AF52BAABC49F1F /* Pods-RxMVVM-RxMVVMTests.release.xcconfig */,
			);
			path = Pods;
			sourceTree = "<group>";
		};
/* End PBXGroup section */

/* Begin PBXNativeTarget section */
		0AB2B9A3245DC7E60032900A /* RxMVVMTests */ = {
			isa = PBXNativeTarget;
			buildConfigurationList = 0AB2B9AB245DC7E60032900A /* Build configuration list for PBXNativeTarget "RxMVVMTests" */;
			buildPhases = (
				00F5B9E8D72888922D701F7C /* [CP] Check Pods Manifest.lock */,
				0AB2B9A0245DC7E60032900A /* Sources */,
				0AB2B9A1245DC7E60032900A /* Frameworks */,
				0AB2B9A2245DC7E60032900A /* Resources */,
				01090614C68E0D970D915CA1 /* [CP] Embed Pods Frameworks */,
			);
			buildRules = (
			);
			dependencies = (
				0AB2B9AA245DC7E60032900A /* PBXTargetDependency */,
			);
			name = RxMVVMTests;
			productName = RxMVVMTests;
			productReference = 0AB2B9A4245DC7E60032900A /* RxMVVMTests.xctest */;
			productType = "com.apple.product-type.bundle.unit-test";
		};
		0AE6442F242F4D46001EEEFB /* RxMVVM */ = {
			isa = PBXNativeTarget;
			buildConfigurationList = 0AE64444242F4D47001EEEFB /* Build configuration list for PBXNativeTarget "RxMVVM" */;
			buildPhases = (
				027AB795B71F8EF6793BB7F7 /* [CP] Check Pods Manifest.lock */,
				0AE6442C242F4D46001EEEFB /* Sources */,
				0AE6442D242F4D46001EEEFB /* Frameworks */,
				0AE6442E242F4D46001EEEFB /* Resources */,
				458791E24E1EE5C012DB05AD /* [CP] Embed Pods Frameworks */,
			);
			buildRules = (
			);
			dependencies = (
			);
			name = RxMVVM;
			productName = RxMVVM;
			productReference = 0AE64430242F4D46001EEEFB /* RxMVVM.app */;
			productType = "com.apple.product-type.application";
		};
/* End PBXNativeTarget section */

/* Begin PBXProject section */
		0AE64428242F4D46001EEEFB /* Project object */ = {
			isa = PBXProject;
			attributes = {
				LastSwiftUpdateCheck = 1140;
				LastUpgradeCheck = 1140;
				ORGANIZATIONNAME = "Dmitry Y.";
				TargetAttributes = {
					0AB2B9A3245DC7E60032900A = {
						CreatedOnToolsVersion = 11.4.1;
						TestTargetID = 0AE6442F242F4D46001EEEFB;
					};
					0AE6442F242F4D46001EEEFB = {
						CreatedOnToolsVersion = 11.4;
					};
				};
			};
			buildConfigurationList = 0AE6442B242F4D46001EEEFB /* Build configuration list for PBXProject "RxMVVM" */;
			compatibilityVersion = "Xcode 9.3";
			developmentRegion = en;
			hasScannedForEncodings = 0;
			knownRegions = (
				en,
				Base,
			);
			mainGroup = 0AE64427242F4D46001EEEFB;
			productRefGroup = 0AE64431242F4D46001EEEFB /* Products */;
			projectDirPath = "";
			projectRoot = "";
			targets = (
				0AE6442F242F4D46001EEEFB /* RxMVVM */,
				0AB2B9A3245DC7E60032900A /* RxMVVMTests */,
			);
		};
/* End PBXProject section */

/* Begin PBXResourcesBuildPhase section */
		0AB2B9A2245DC7E60032900A /* Resources */ = {
			isa = PBXResourcesBuildPhase;
			buildActionMask = 2147483647;
			files = (
				0AD23A33245EC82F007F76F1 /* CharactersList.json in Resources */,
				0AD23A35245EC855007F76F1 /* ComicsList.json in Resources */,
			);
			runOnlyForDeploymentPostprocessing = 0;
		};
		0AE6442E242F4D46001EEEFB /* Resources */ = {
			isa = PBXResourcesBuildPhase;
			buildActionMask = 2147483647;
			files = (
				0AE64440242F4D47001EEEFB /* LaunchScreen.storyboard in Resources */,
				0AE6443D242F4D47001EEEFB /* Assets.xcassets in Resources */,
			);
			runOnlyForDeploymentPostprocessing = 0;
		};
/* End PBXResourcesBuildPhase section */

/* Begin PBXShellScriptBuildPhase section */
		00F5B9E8D72888922D701F7C /* [CP] Check Pods Manifest.lock */ = {
			isa = PBXShellScriptBuildPhase;
			buildActionMask = 2147483647;
			files = (
			);
			inputFileListPaths = (
			);
			inputPaths = (
				"${PODS_PODFILE_DIR_PATH}/Podfile.lock",
				"${PODS_ROOT}/Manifest.lock",
			);
			name = "[CP] Check Pods Manifest.lock";
			outputFileListPaths = (
			);
			outputPaths = (
				"$(DERIVED_FILE_DIR)/Pods-RxMVVM-RxMVVMTests-checkManifestLockResult.txt",
			);
			runOnlyForDeploymentPostprocessing = 0;
			shellPath = /bin/sh;
			shellScript = "diff \"${PODS_PODFILE_DIR_PATH}/Podfile.lock\" \"${PODS_ROOT}/Manifest.lock\" > /dev/null\nif [ $? != 0 ] ; then\n    # print error to STDERR\n    echo \"error: The sandbox is not in sync with the Podfile.lock. Run 'pod install' or update your CocoaPods installation.\" >&2\n    exit 1\nfi\n# This output is used by Xcode 'outputs' to avoid re-running this script phase.\necho \"SUCCESS\" > \"${SCRIPT_OUTPUT_FILE_0}\"\n";
			showEnvVarsInLog = 0;
		};
		01090614C68E0D970D915CA1 /* [CP] Embed Pods Frameworks */ = {
			isa = PBXShellScriptBuildPhase;
			buildActionMask = 2147483647;
			files = (
			);
			inputFileListPaths = (
				"${PODS_ROOT}/Target Support Files/Pods-RxMVVM-RxMVVMTests/Pods-RxMVVM-RxMVVMTests-frameworks-${CONFIGURATION}-input-files.xcfilelist",
			);
			name = "[CP] Embed Pods Frameworks";
			outputFileListPaths = (
				"${PODS_ROOT}/Target Support Files/Pods-RxMVVM-RxMVVMTests/Pods-RxMVVM-RxMVVMTests-frameworks-${CONFIGURATION}-output-files.xcfilelist",
			);
			runOnlyForDeploymentPostprocessing = 0;
			shellPath = /bin/sh;
			shellScript = "\"${PODS_ROOT}/Target Support Files/Pods-RxMVVM-RxMVVMTests/Pods-RxMVVM-RxMVVMTests-frameworks.sh\"\n";
			showEnvVarsInLog = 0;
		};
		027AB795B71F8EF6793BB7F7 /* [CP] Check Pods Manifest.lock */ = {
			isa = PBXShellScriptBuildPhase;
			buildActionMask = 2147483647;
			files = (
			);
			inputFileListPaths = (
			);
			inputPaths = (
				"${PODS_PODFILE_DIR_PATH}/Podfile.lock",
				"${PODS_ROOT}/Manifest.lock",
			);
			name = "[CP] Check Pods Manifest.lock";
			outputFileListPaths = (
			);
			outputPaths = (
				"$(DERIVED_FILE_DIR)/Pods-RxMVVM-checkManifestLockResult.txt",
			);
			runOnlyForDeploymentPostprocessing = 0;
			shellPath = /bin/sh;
			shellScript = "diff \"${PODS_PODFILE_DIR_PATH}/Podfile.lock\" \"${PODS_ROOT}/Manifest.lock\" > /dev/null\nif [ $? != 0 ] ; then\n    # print error to STDERR\n    echo \"error: The sandbox is not in sync with the Podfile.lock. Run 'pod install' or update your CocoaPods installation.\" >&2\n    exit 1\nfi\n# This output is used by Xcode 'outputs' to avoid re-running this script phase.\necho \"SUCCESS\" > \"${SCRIPT_OUTPUT_FILE_0}\"\n";
			showEnvVarsInLog = 0;
		};
		458791E24E1EE5C012DB05AD /* [CP] Embed Pods Frameworks */ = {
			isa = PBXShellScriptBuildPhase;
			buildActionMask = 2147483647;
			files = (
			);
			inputFileListPaths = (
				"${PODS_ROOT}/Target Support Files/Pods-RxMVVM/Pods-RxMVVM-frameworks-${CONFIGURATION}-input-files.xcfilelist",
			);
			name = "[CP] Embed Pods Frameworks";
			outputFileListPaths = (
				"${PODS_ROOT}/Target Support Files/Pods-RxMVVM/Pods-RxMVVM-frameworks-${CONFIGURATION}-output-files.xcfilelist",
			);
			runOnlyForDeploymentPostprocessing = 0;
			shellPath = /bin/sh;
			shellScript = "\"${PODS_ROOT}/Target Support Files/Pods-RxMVVM/Pods-RxMVVM-frameworks.sh\"\n";
			showEnvVarsInLog = 0;
		};
/* End PBXShellScriptBuildPhase section */

/* Begin PBXSourcesBuildPhase section */
		0AB2B9A0245DC7E60032900A /* Sources */ = {
			isa = PBXSourcesBuildPhase;
			buildActionMask = 2147483647;
			files = (
				0AB2B9A7245DC7E60032900A /* RxMVVMTests.swift in Sources */,
			);
			runOnlyForDeploymentPostprocessing = 0;
		};
		0AE6442C242F4D46001EEEFB /* Sources */ = {
			isa = PBXSourcesBuildPhase;
			buildActionMask = 2147483647;
			files = (
				0A8ACA8524326F5D00A341A7 /* Thumbnail.swift in Sources */,
				0A8ACA8124326E6F00A341A7 /* Character.swift in Sources */,
				0AE64448242F4EA7001EEEFB /* AppCoordinator.swift in Sources */,
				0AB2B999245DA5D20032900A /* ServicesAssembly.swift in Sources */,
				0A6715ED24323A7E00E84D0F /* Networking.swift in Sources */,
				0A8ACA732432688300A341A7 /* Constants.swift in Sources */,
				0AEC4E7F242FCF8500058652 /* MVVMCollectionViewCell.swift in Sources */,
				0AE64438242F4D46001EEEFB /* ViewController.swift in Sources */,
				0AEC4E81242FD65300058652 /* ComicsCollectionViewCell.swift in Sources */,
				0AE6444E242F526F001EEEFB /* MVVMViewController.swift in Sources */,
				0AEC672B2430FE86004A01DD /* AlertControllerFactory.swift in Sources */,
				0AEC4E7D242FCD9600058652 /* MVVMTableViewCell.swift in Sources */,
				0AB2B99B245DA6900032900A /* DetailAssembly.swift in Sources */,
				0AEC67282430D579004A01DD /* Reactive.swift in Sources */,
				0A99A7D8245218BA000BB279 /* CharacterDetailView.swift in Sources */,
				0A8ACA8324326E8200A341A7 /* Comics.swift in Sources */,
				0A6715F12432435800E84D0F /* HTTPMethod.swift in Sources */,
				0AE64434242F4D46001EEEFB /* AppDelegate.swift in Sources */,
				0AB5ACC0244328FC00B49CA1 /* UIScrollView.swift in Sources */,
				0A6715F624324DB300E84D0F /* ComicsRouter.swift in Sources */,
				0A99A7D42452169A000BB279 /* CharactersViewController.swift in Sources */,
				0A99A7CF2452163B000BB279 /* CharacterView.swift in Sources */,
				0AB2B99F245DA8170032900A /* Assembler.swift in Sources */,
				0AE64436242F4D46001EEEFB /* SceneDelegate.swift in Sources */,
				0AE6444D242F526F001EEEFB /* MVVMView.swift in Sources */,
				0A8ACA7F24326CAE00A341A7 /* GetCharacterRespose.swift in Sources */,
				0A8FE72E242FA4FD0088912D /* UIView.swift in Sources */,
				0AE8A392245365F10073250B /* CharacterTableViewCell.swift in Sources */,
				0AB2B99D245DA6A70032900A /* CharactersAssembly.swift in Sources */,
				0A99A7D12452167B000BB279 /* CharactersViewModel.swift in Sources */,
				0AE6444F242F526F001EEEFB /* MVVMViewModel.swift in Sources */,
				0A99A7D624521874000BB279 /* CharacterDetailViewController.swift in Sources */,
				0A6715EF243242A900E84D0F /* RouterInterface.swift in Sources */,
				0A99A7DA245218E4000BB279 /* CharacterDetailViewModel.swift in Sources */,
				0AFDBD5824548D7D00A59D26 /* GetCharactersResponse.swift in Sources */,
				0A8ACA762432696200A341A7 /* CharacterRouter.swift in Sources */,
				0A8ACA7924326B7800A341A7 /* GetComicsResponse.swift in Sources */,
			);
			runOnlyForDeploymentPostprocessing = 0;
		};
/* End PBXSourcesBuildPhase section */

/* Begin PBXTargetDependency section */
		0AB2B9AA245DC7E60032900A /* PBXTargetDependency */ = {
			isa = PBXTargetDependency;
			target = 0AE6442F242F4D46001EEEFB /* RxMVVM */;
			targetProxy = 0AB2B9A9245DC7E60032900A /* PBXContainerItemProxy */;
		};
/* End PBXTargetDependency section */

/* Begin PBXVariantGroup section */
		0AE6443E242F4D47001EEEFB /* LaunchScreen.storyboard */ = {
			isa = PBXVariantGroup;
			children = (
				0AE6443F242F4D47001EEEFB /* Base */,
			);
			name = LaunchScreen.storyboard;
			sourceTree = "<group>";
		};
/* End PBXVariantGroup section */

/* Begin XCBuildConfiguration section */
		0AB2B9AC245DC7E60032900A /* Debug */ = {
			isa = XCBuildConfiguration;
			baseConfigurationReference = 93B8EA7373CF86FE44E3D64D /* Pods-RxMVVM-RxMVVMTests.debug.xcconfig */;
			buildSettings = {
				BUNDLE_LOADER = "$(TEST_HOST)";
				CODE_SIGN_STYLE = Automatic;
				DEVELOPMENT_TEAM = S6ABAFXJXX;
				INFOPLIST_FILE = RxMVVMTests/Info.plist;
				LD_RUNPATH_SEARCH_PATHS = (
					"$(inherited)",
					"@executable_path/Frameworks",
					"@loader_path/Frameworks",
				);
				PRODUCT_BUNDLE_IDENTIFIER = com.dmitry.RxMVVMTests;
				PRODUCT_NAME = "$(TARGET_NAME)";
				SWIFT_VERSION = 5.0;
				TARGETED_DEVICE_FAMILY = "1,2";
				TEST_HOST = "$(BUILT_PRODUCTS_DIR)/RxMVVM.app/RxMVVM";
			};
			name = Debug;
		};
		0AB2B9AD245DC7E60032900A /* Release */ = {
			isa = XCBuildConfiguration;
			baseConfigurationReference = 7FBA477EF5AF52BAABC49F1F /* Pods-RxMVVM-RxMVVMTests.release.xcconfig */;
			buildSettings = {
				BUNDLE_LOADER = "$(TEST_HOST)";
				CODE_SIGN_STYLE = Automatic;
				DEVELOPMENT_TEAM = S6ABAFXJXX;
				INFOPLIST_FILE = RxMVVMTests/Info.plist;
				LD_RUNPATH_SEARCH_PATHS = (
					"$(inherited)",
					"@executable_path/Frameworks",
					"@loader_path/Frameworks",
				);
				PRODUCT_BUNDLE_IDENTIFIER = com.dmitry.RxMVVMTests;
				PRODUCT_NAME = "$(TARGET_NAME)";
				SWIFT_VERSION = 5.0;
				TARGETED_DEVICE_FAMILY = "1,2";
				TEST_HOST = "$(BUILT_PRODUCTS_DIR)/RxMVVM.app/RxMVVM";
			};
			name = Release;
		};
		0AE64442242F4D47001EEEFB /* Debug */ = {
			isa = XCBuildConfiguration;
			buildSettings = {
				ALWAYS_SEARCH_USER_PATHS = NO;
				CLANG_ANALYZER_NONNULL = YES;
				CLANG_ANALYZER_NUMBER_OBJECT_CONVERSION = YES_AGGRESSIVE;
				CLANG_CXX_LANGUAGE_STANDARD = "gnu++14";
				CLANG_CXX_LIBRARY = "libc++";
				CLANG_ENABLE_MODULES = YES;
				CLANG_ENABLE_OBJC_ARC = YES;
				CLANG_ENABLE_OBJC_WEAK = YES;
				CLANG_WARN_BLOCK_CAPTURE_AUTORELEASING = YES;
				CLANG_WARN_BOOL_CONVERSION = YES;
				CLANG_WARN_COMMA = YES;
				CLANG_WARN_CONSTANT_CONVERSION = YES;
				CLANG_WARN_DEPRECATED_OBJC_IMPLEMENTATIONS = YES;
				CLANG_WARN_DIRECT_OBJC_ISA_USAGE = YES_ERROR;
				CLANG_WARN_DOCUMENTATION_COMMENTS = YES;
				CLANG_WARN_EMPTY_BODY = YES;
				CLANG_WARN_ENUM_CONVERSION = YES;
				CLANG_WARN_INFINITE_RECURSION = YES;
				CLANG_WARN_INT_CONVERSION = YES;
				CLANG_WARN_NON_LITERAL_NULL_CONVERSION = YES;
				CLANG_WARN_OBJC_IMPLICIT_RETAIN_SELF = YES;
				CLANG_WARN_OBJC_LITERAL_CONVERSION = YES;
				CLANG_WARN_OBJC_ROOT_CLASS = YES_ERROR;
				CLANG_WARN_RANGE_LOOP_ANALYSIS = YES;
				CLANG_WARN_STRICT_PROTOTYPES = YES;
				CLANG_WARN_SUSPICIOUS_MOVE = YES;
				CLANG_WARN_UNGUARDED_AVAILABILITY = YES_AGGRESSIVE;
				CLANG_WARN_UNREACHABLE_CODE = YES;
				CLANG_WARN__DUPLICATE_METHOD_MATCH = YES;
				COPY_PHASE_STRIP = NO;
				DEBUG_INFORMATION_FORMAT = dwarf;
				ENABLE_STRICT_OBJC_MSGSEND = YES;
				ENABLE_TESTABILITY = YES;
				GCC_C_LANGUAGE_STANDARD = gnu11;
				GCC_DYNAMIC_NO_PIC = NO;
				GCC_NO_COMMON_BLOCKS = YES;
				GCC_OPTIMIZATION_LEVEL = 0;
				GCC_PREPROCESSOR_DEFINITIONS = (
					"DEBUG=1",
					"$(inherited)",
				);
				GCC_WARN_64_TO_32_BIT_CONVERSION = YES;
				GCC_WARN_ABOUT_RETURN_TYPE = YES_ERROR;
				GCC_WARN_UNDECLARED_SELECTOR = YES;
				GCC_WARN_UNINITIALIZED_AUTOS = YES_AGGRESSIVE;
				GCC_WARN_UNUSED_FUNCTION = YES;
				GCC_WARN_UNUSED_VARIABLE = YES;
				IPHONEOS_DEPLOYMENT_TARGET = 13.4;
				MTL_ENABLE_DEBUG_INFO = INCLUDE_SOURCE;
				MTL_FAST_MATH = YES;
				ONLY_ACTIVE_ARCH = YES;
				SDKROOT = iphoneos;
				SWIFT_ACTIVE_COMPILATION_CONDITIONS = DEBUG;
				SWIFT_OPTIMIZATION_LEVEL = "-Onone";
			};
			name = Debug;
		};
		0AE64443242F4D47001EEEFB /* Release */ = {
			isa = XCBuildConfiguration;
			buildSettings = {
				ALWAYS_SEARCH_USER_PATHS = NO;
				CLANG_ANALYZER_NONNULL = YES;
				CLANG_ANALYZER_NUMBER_OBJECT_CONVERSION = YES_AGGRESSIVE;
				CLANG_CXX_LANGUAGE_STANDARD = "gnu++14";
				CLANG_CXX_LIBRARY = "libc++";
				CLANG_ENABLE_MODULES = YES;
				CLANG_ENABLE_OBJC_ARC = YES;
				CLANG_ENABLE_OBJC_WEAK = YES;
				CLANG_WARN_BLOCK_CAPTURE_AUTORELEASING = YES;
				CLANG_WARN_BOOL_CONVERSION = YES;
				CLANG_WARN_COMMA = YES;
				CLANG_WARN_CONSTANT_CONVERSION = YES;
				CLANG_WARN_DEPRECATED_OBJC_IMPLEMENTATIONS = YES;
				CLANG_WARN_DIRECT_OBJC_ISA_USAGE = YES_ERROR;
				CLANG_WARN_DOCUMENTATION_COMMENTS = YES;
				CLANG_WARN_EMPTY_BODY = YES;
				CLANG_WARN_ENUM_CONVERSION = YES;
				CLANG_WARN_INFINITE_RECURSION = YES;
				CLANG_WARN_INT_CONVERSION = YES;
				CLANG_WARN_NON_LITERAL_NULL_CONVERSION = YES;
				CLANG_WARN_OBJC_IMPLICIT_RETAIN_SELF = YES;
				CLANG_WARN_OBJC_LITERAL_CONVERSION = YES;
				CLANG_WARN_OBJC_ROOT_CLASS = YES_ERROR;
				CLANG_WARN_RANGE_LOOP_ANALYSIS = YES;
				CLANG_WARN_STRICT_PROTOTYPES = YES;
				CLANG_WARN_SUSPICIOUS_MOVE = YES;
				CLANG_WARN_UNGUARDED_AVAILABILITY = YES_AGGRESSIVE;
				CLANG_WARN_UNREACHABLE_CODE = YES;
				CLANG_WARN__DUPLICATE_METHOD_MATCH = YES;
				COPY_PHASE_STRIP = NO;
				DEBUG_INFORMATION_FORMAT = "dwarf-with-dsym";
				ENABLE_NS_ASSERTIONS = NO;
				ENABLE_STRICT_OBJC_MSGSEND = YES;
				GCC_C_LANGUAGE_STANDARD = gnu11;
				GCC_NO_COMMON_BLOCKS = YES;
				GCC_WARN_64_TO_32_BIT_CONVERSION = YES;
				GCC_WARN_ABOUT_RETURN_TYPE = YES_ERROR;
				GCC_WARN_UNDECLARED_SELECTOR = YES;
				GCC_WARN_UNINITIALIZED_AUTOS = YES_AGGRESSIVE;
				GCC_WARN_UNUSED_FUNCTION = YES;
				GCC_WARN_UNUSED_VARIABLE = YES;
				IPHONEOS_DEPLOYMENT_TARGET = 13.4;
				MTL_ENABLE_DEBUG_INFO = NO;
				MTL_FAST_MATH = YES;
				SDKROOT = iphoneos;
				SWIFT_COMPILATION_MODE = wholemodule;
				SWIFT_OPTIMIZATION_LEVEL = "-O";
				VALIDATE_PRODUCT = YES;
			};
			name = Release;
		};
		0AE64445242F4D47001EEEFB /* Debug */ = {
			isa = XCBuildConfiguration;
			baseConfigurationReference = 33EE17DEC0444634E21AC85F /* Pods-RxMVVM.debug.xcconfig */;
			buildSettings = {
				ASSETCATALOG_COMPILER_APPICON_NAME = AppIcon;
				CODE_SIGN_STYLE = Automatic;
				DEVELOPMENT_TEAM = S6ABAFXJXX;
				INFOPLIST_FILE = RxMVVM/Info.plist;
				LD_RUNPATH_SEARCH_PATHS = (
					"$(inherited)",
					"@executable_path/Frameworks",
				);
				PRODUCT_BUNDLE_IDENTIFIER = com.dmitry.RxMVVM;
				PRODUCT_NAME = "$(TARGET_NAME)";
				SWIFT_VERSION = 5.0;
				TARGETED_DEVICE_FAMILY = "1,2";
			};
			name = Debug;
		};
		0AE64446242F4D47001EEEFB /* Release */ = {
			isa = XCBuildConfiguration;
			baseConfigurationReference = 35BCD3705CC4A924C747CA51 /* Pods-RxMVVM.release.xcconfig */;
			buildSettings = {
				ASSETCATALOG_COMPILER_APPICON_NAME = AppIcon;
				CODE_SIGN_STYLE = Automatic;
				DEVELOPMENT_TEAM = S6ABAFXJXX;
				INFOPLIST_FILE = RxMVVM/Info.plist;
				LD_RUNPATH_SEARCH_PATHS = (
					"$(inherited)",
					"@executable_path/Frameworks",
				);
				PRODUCT_BUNDLE_IDENTIFIER = com.dmitry.RxMVVM;
				PRODUCT_NAME = "$(TARGET_NAME)";
				SWIFT_VERSION = 5.0;
				TARGETED_DEVICE_FAMILY = "1,2";
			};
			name = Release;
		};
/* End XCBuildConfiguration section */

/* Begin XCConfigurationList section */
		0AB2B9AB245DC7E60032900A /* Build configuration list for PBXNativeTarget "RxMVVMTests" */ = {
			isa = XCConfigurationList;
			buildConfigurations = (
				0AB2B9AC245DC7E60032900A /* Debug */,
				0AB2B9AD245DC7E60032900A /* Release */,
			);
			defaultConfigurationIsVisible = 0;
			defaultConfigurationName = Release;
		};
		0AE6442B242F4D46001EEEFB /* Build configuration list for PBXProject "RxMVVM" */ = {
			isa = XCConfigurationList;
			buildConfigurations = (
				0AE64442242F4D47001EEEFB /* Debug */,
				0AE64443242F4D47001EEEFB /* Release */,
			);
			defaultConfigurationIsVisible = 0;
			defaultConfigurationName = Release;
		};
		0AE64444242F4D47001EEEFB /* Build configuration list for PBXNativeTarget "RxMVVM" */ = {
			isa = XCConfigurationList;
			buildConfigurations = (
				0AE64445242F4D47001EEEFB /* Debug */,
				0AE64446242F4D47001EEEFB /* Release */,
			);
			defaultConfigurationIsVisible = 0;
			defaultConfigurationName = Release;
		};
/* End XCConfigurationList section */
	};
	rootObject = 0AE64428242F4D46001EEEFB /* Project object */;
}
