// !$*UTF8*$!
{
	archiveVersion = 1;
	classes = {
	};
	objectVersion = 50;
	objects = {

/* Begin PBXBuildFile section */
		0A6715ED24323A7E00E84D0F /* Networking.swift in Sources */ = {isa = PBXBuildFile; fileRef = 0A6715EC24323A7E00E84D0F /* Networking.swift */; };
		0A6715EF243242A900E84D0F /* RouterInterface.swift in Sources */ = {isa = PBXBuildFile; fileRef = 0A6715EE243242A900E84D0F /* RouterInterface.swift */; };
		0A6715F12432435800E84D0F /* HTTPMethod.swift in Sources */ = {isa = PBXBuildFile; fileRef = 0A6715F02432435800E84D0F /* HTTPMethod.swift */; };
		0A6715F624324DB300E84D0F /* ComicsRouter.swift in Sources */ = {isa = PBXBuildFile; fileRef = 0A6715F524324DB200E84D0F /* ComicsRouter.swift */; };
		0A82924C2435185B00554329 /* View.xib in Resources */ = {isa = PBXBuildFile; fileRef = 0A82924B2435185B00554329 /* View.xib */; };
		0A8ACA732432688300A341A7 /* Constants.swift in Sources */ = {isa = PBXBuildFile; fileRef = 0A8ACA722432688300A341A7 /* Constants.swift */; };
		0A8ACA762432696200A341A7 /* CharacterRouter.swift in Sources */ = {isa = PBXBuildFile; fileRef = 0A8ACA752432696200A341A7 /* CharacterRouter.swift */; };
		0A8ACA7924326B7800A341A7 /* GetComicsResponse.swift in Sources */ = {isa = PBXBuildFile; fileRef = 0A8ACA7824326B7800A341A7 /* GetComicsResponse.swift */; };
		0A8ACA7D24326BBC00A341A7 /* GetComicsCharactersResponse.swift in Sources */ = {isa = PBXBuildFile; fileRef = 0A8ACA7C24326BBC00A341A7 /* GetComicsCharactersResponse.swift */; };
		0A8ACA7F24326CAE00A341A7 /* GetCharacterRespose.swift in Sources */ = {isa = PBXBuildFile; fileRef = 0A8ACA7E24326CAE00A341A7 /* GetCharacterRespose.swift */; };
		0A8ACA8124326E6F00A341A7 /* Character.swift in Sources */ = {isa = PBXBuildFile; fileRef = 0A8ACA8024326E6F00A341A7 /* Character.swift */; };
		0A8ACA8324326E8200A341A7 /* Comics.swift in Sources */ = {isa = PBXBuildFile; fileRef = 0A8ACA8224326E8200A341A7 /* Comics.swift */; };
		0A8ACA8524326F5D00A341A7 /* Thumbnail.swift in Sources */ = {isa = PBXBuildFile; fileRef = 0A8ACA8424326F5D00A341A7 /* Thumbnail.swift */; };
		0A8FE720242F7F640088912D /* ComicsViewController.swift in Sources */ = {isa = PBXBuildFile; fileRef = 0A8FE71F242F7F640088912D /* ComicsViewController.swift */; };
		0A8FE722242F7F750088912D /* AlbumViewModel.swift in Sources */ = {isa = PBXBuildFile; fileRef = 0A8FE721242F7F750088912D /* AlbumViewModel.swift */; };
		0A8FE724242F7F8B0088912D /* ComicsView.swift in Sources */ = {isa = PBXBuildFile; fileRef = 0A8FE723242F7F8B0088912D /* ComicsView.swift */; };
		0A8FE726242F7FA00088912D /* TrackViewController.swift in Sources */ = {isa = PBXBuildFile; fileRef = 0A8FE725242F7FA00088912D /* TrackViewController.swift */; };
		0A8FE729242F7FB70088912D /* TrackViewModel.swift in Sources */ = {isa = PBXBuildFile; fileRef = 0A8FE728242F7FB70088912D /* TrackViewModel.swift */; };
		0A8FE72B242F7FC30088912D /* TrackView.swift in Sources */ = {isa = PBXBuildFile; fileRef = 0A8FE72A242F7FC30088912D /* TrackView.swift */; };
		0A8FE72E242FA4FD0088912D /* UIView.swift in Sources */ = {isa = PBXBuildFile; fileRef = 0A8FE72D242FA4FD0088912D /* UIView.swift */; };
		0A99A7CF2452163B000BB279 /* CharacterView.swift in Sources */ = {isa = PBXBuildFile; fileRef = 0A99A7CE2452163B000BB279 /* CharacterView.swift */; };
		0A99A7D12452167B000BB279 /* CharactersViewModel.swift in Sources */ = {isa = PBXBuildFile; fileRef = 0A99A7D02452167B000BB279 /* CharactersViewModel.swift */; };
		0A99A7D42452169A000BB279 /* CharactersViewController.swift in Sources */ = {isa = PBXBuildFile; fileRef = 0A99A7D32452169A000BB279 /* CharactersViewController.swift */; };
		0A99A7D624521874000BB279 /* CharacterDetailViewContriller.swift in Sources */ = {isa = PBXBuildFile; fileRef = 0A99A7D524521874000BB279 /* CharacterDetailViewContriller.swift */; };
		0A99A7D8245218BA000BB279 /* CharacterDetailView.swift in Sources */ = {isa = PBXBuildFile; fileRef = 0A99A7D7245218BA000BB279 /* CharacterDetailView.swift */; };
		0A99A7DA245218E4000BB279 /* CharacterDetailViewModel.swift in Sources */ = {isa = PBXBuildFile; fileRef = 0A99A7D9245218E4000BB279 /* CharacterDetailViewModel.swift */; };
		0AB5ACC0244328FC00B49CA1 /* UIScrollView.swift in Sources */ = {isa = PBXBuildFile; fileRef = 0AB5ACBF244328FC00B49CA1 /* UIScrollView.swift */; };
		0AE64434242F4D46001EEEFB /* AppDelegate.swift in Sources */ = {isa = PBXBuildFile; fileRef = 0AE64433242F4D46001EEEFB /* AppDelegate.swift */; };
		0AE64436242F4D46001EEEFB /* SceneDelegate.swift in Sources */ = {isa = PBXBuildFile; fileRef = 0AE64435242F4D46001EEEFB /* SceneDelegate.swift */; };
		0AE64438242F4D46001EEEFB /* ViewController.swift in Sources */ = {isa = PBXBuildFile; fileRef = 0AE64437242F4D46001EEEFB /* ViewController.swift */; };
		0AE6443D242F4D47001EEEFB /* Assets.xcassets in Resources */ = {isa = PBXBuildFile; fileRef = 0AE6443C242F4D47001EEEFB /* Assets.xcassets */; };
		0AE64440242F4D47001EEEFB /* LaunchScreen.storyboard in Resources */ = {isa = PBXBuildFile; fileRef = 0AE6443E242F4D47001EEEFB /* LaunchScreen.storyboard */; };
		0AE64448242F4EA7001EEEFB /* AppCoordinator.swift in Sources */ = {isa = PBXBuildFile; fileRef = 0AE64447242F4EA7001EEEFB /* AppCoordinator.swift */; };
		0AE6444D242F526F001EEEFB /* MVVMView.swift in Sources */ = {isa = PBXBuildFile; fileRef = 0AE6444A242F526F001EEEFB /* MVVMView.swift */; };
		0AE6444E242F526F001EEEFB /* MVVMViewController.swift in Sources */ = {isa = PBXBuildFile; fileRef = 0AE6444B242F526F001EEEFB /* MVVMViewController.swift */; };
		0AE6444F242F526F001EEEFB /* MVVMViewModel.swift in Sources */ = {isa = PBXBuildFile; fileRef = 0AE6444C242F526F001EEEFB /* MVVMViewModel.swift */; };
		0AE64458242F5D06001EEEFB /* BaseViewController.swift in Sources */ = {isa = PBXBuildFile; fileRef = 0AE64457242F5D06001EEEFB /* BaseViewController.swift */; };
		0AE6445A242F5D15001EEEFB /* BaseViewModel.swift in Sources */ = {isa = PBXBuildFile; fileRef = 0AE64459242F5D15001EEEFB /* BaseViewModel.swift */; };
		0AE6445C242F5D27001EEEFB /* BaseView.swift in Sources */ = {isa = PBXBuildFile; fileRef = 0AE6445B242F5D27001EEEFB /* BaseView.swift */; };
		0AE8A392245365F10073250B /* CharacterTableViewCell.swift in Sources */ = {isa = PBXBuildFile; fileRef = 0AE8A391245365F10073250B /* CharacterTableViewCell.swift */; };
		0AEC4E79242FCC5C00058652 /* TrackTableViewCell.swift in Sources */ = {isa = PBXBuildFile; fileRef = 0AEC4E78242FCC5C00058652 /* TrackTableViewCell.swift */; };
		0AEC4E7D242FCD9600058652 /* MVVMTableViewCell.swift in Sources */ = {isa = PBXBuildFile; fileRef = 0AEC4E7C242FCD9600058652 /* MVVMTableViewCell.swift */; };
		0AEC4E7F242FCF8500058652 /* MVVMCollectionViewCell.swift in Sources */ = {isa = PBXBuildFile; fileRef = 0AEC4E7E242FCF8500058652 /* MVVMCollectionViewCell.swift */; };
		0AEC4E81242FD65300058652 /* ComicsCollectionViewCell.swift in Sources */ = {isa = PBXBuildFile; fileRef = 0AEC4E80242FD65300058652 /* ComicsCollectionViewCell.swift */; };
		0AEC67282430D579004A01DD /* Reactive.swift in Sources */ = {isa = PBXBuildFile; fileRef = 0AEC67272430D579004A01DD /* Reactive.swift */; };
		0AEC672B2430FE86004A01DD /* AlertControllerFactory.swift in Sources */ = {isa = PBXBuildFile; fileRef = 0AEC672A2430FE86004A01DD /* AlertControllerFactory.swift */; };
		7DD5EF09B014DAC8CECC16E9 /* libPods-RxMVVM.a in Frameworks */ = {isa = PBXBuildFile; fileRef = 3AE2BFBC65CA79C4C51044D3 /* libPods-RxMVVM.a */; };
/* End PBXBuildFile section */

/* Begin PBXFileReference section */
		0A6715EC24323A7E00E84D0F /* Networking.swift */ = {isa = PBXFileReference; lastKnownFileType = sourcecode.swift; path = Networking.swift; sourceTree = "<group>"; };
		0A6715EE243242A900E84D0F /* RouterInterface.swift */ = {isa = PBXFileReference; lastKnownFileType = sourcecode.swift; path = RouterInterface.swift; sourceTree = "<group>"; };
		0A6715F02432435800E84D0F /* HTTPMethod.swift */ = {isa = PBXFileReference; lastKnownFileType = sourcecode.swift; path = HTTPMethod.swift; sourceTree = "<group>"; };
		0A6715F524324DB200E84D0F /* ComicsRouter.swift */ = {isa = PBXFileReference; lastKnownFileType = sourcecode.swift; path = ComicsRouter.swift; sourceTree = "<group>"; };
		0A82924B2435185B00554329 /* View.xib */ = {isa = PBXFileReference; lastKnownFileType = file.xib; path = View.xib; sourceTree = "<group>"; };
		0A8ACA722432688300A341A7 /* Constants.swift */ = {isa = PBXFileReference; lastKnownFileType = sourcecode.swift; path = Constants.swift; sourceTree = "<group>"; };
		0A8ACA752432696200A341A7 /* CharacterRouter.swift */ = {isa = PBXFileReference; lastKnownFileType = sourcecode.swift; path = CharacterRouter.swift; sourceTree = "<group>"; };
		0A8ACA7824326B7800A341A7 /* GetComicsResponse.swift */ = {isa = PBXFileReference; lastKnownFileType = sourcecode.swift; path = GetComicsResponse.swift; sourceTree = "<group>"; };
		0A8ACA7C24326BBC00A341A7 /* GetComicsCharactersResponse.swift */ = {isa = PBXFileReference; lastKnownFileType = sourcecode.swift; path = GetComicsCharactersResponse.swift; sourceTree = "<group>"; };
		0A8ACA7E24326CAE00A341A7 /* GetCharacterRespose.swift */ = {isa = PBXFileReference; lastKnownFileType = sourcecode.swift; path = GetCharacterRespose.swift; sourceTree = "<group>"; };
		0A8ACA8024326E6F00A341A7 /* Character.swift */ = {isa = PBXFileReference; lastKnownFileType = sourcecode.swift; path = Character.swift; sourceTree = "<group>"; };
		0A8ACA8224326E8200A341A7 /* Comics.swift */ = {isa = PBXFileReference; lastKnownFileType = sourcecode.swift; path = Comics.swift; sourceTree = "<group>"; };
		0A8ACA8424326F5D00A341A7 /* Thumbnail.swift */ = {isa = PBXFileReference; lastKnownFileType = sourcecode.swift; path = Thumbnail.swift; sourceTree = "<group>"; };
		0A8FE71F242F7F640088912D /* ComicsViewController.swift */ = {isa = PBXFileReference; lastKnownFileType = sourcecode.swift; path = ComicsViewController.swift; sourceTree = "<group>"; };
		0A8FE721242F7F750088912D /* AlbumViewModel.swift */ = {isa = PBXFileReference; lastKnownFileType = sourcecode.swift; path = AlbumViewModel.swift; sourceTree = "<group>"; };
		0A8FE723242F7F8B0088912D /* ComicsView.swift */ = {isa = PBXFileReference; lastKnownFileType = sourcecode.swift; path = ComicsView.swift; sourceTree = "<group>"; };
		0A8FE725242F7FA00088912D /* TrackViewController.swift */ = {isa = PBXFileReference; lastKnownFileType = sourcecode.swift; path = TrackViewController.swift; sourceTree = "<group>"; };
		0A8FE728242F7FB70088912D /* TrackViewModel.swift */ = {isa = PBXFileReference; lastKnownFileType = sourcecode.swift; path = TrackViewModel.swift; sourceTree = "<group>"; };
		0A8FE72A242F7FC30088912D /* TrackView.swift */ = {isa = PBXFileReference; lastKnownFileType = sourcecode.swift; path = TrackView.swift; sourceTree = "<group>"; };
		0A8FE72D242FA4FD0088912D /* UIView.swift */ = {isa = PBXFileReference; lastKnownFileType = sourcecode.swift; path = UIView.swift; sourceTree = "<group>"; };
		0A99A7CE2452163B000BB279 /* CharacterView.swift */ = {isa = PBXFileReference; lastKnownFileType = sourcecode.swift; path = CharacterView.swift; sourceTree = "<group>"; };
		0A99A7D02452167B000BB279 /* CharactersViewModel.swift */ = {isa = PBXFileReference; lastKnownFileType = sourcecode.swift; path = CharactersViewModel.swift; sourceTree = "<group>"; };
		0A99A7D32452169A000BB279 /* CharactersViewController.swift */ = {isa = PBXFileReference; lastKnownFileType = sourcecode.swift; path = CharactersViewController.swift; sourceTree = "<group>"; };
		0A99A7D524521874000BB279 /* CharacterDetailViewContriller.swift */ = {isa = PBXFileReference; lastKnownFileType = sourcecode.swift; path = CharacterDetailViewContriller.swift; sourceTree = "<group>"; };
		0A99A7D7245218BA000BB279 /* CharacterDetailView.swift */ = {isa = PBXFileReference; lastKnownFileType = sourcecode.swift; path = CharacterDetailView.swift; sourceTree = "<group>"; };
		0A99A7D9245218E4000BB279 /* CharacterDetailViewModel.swift */ = {isa = PBXFileReference; lastKnownFileType = sourcecode.swift; path = CharacterDetailViewModel.swift; sourceTree = "<group>"; };
		0AB5ACBF244328FC00B49CA1 /* UIScrollView.swift */ = {isa = PBXFileReference; lastKnownFileType = sourcecode.swift; path = UIScrollView.swift; sourceTree = "<group>"; };
		0AE64430242F4D46001EEEFB /* RxMVVM.app */ = {isa = PBXFileReference; explicitFileType = wrapper.application; includeInIndex = 0; path = RxMVVM.app; sourceTree = BUILT_PRODUCTS_DIR; };
		0AE64433242F4D46001EEEFB /* AppDelegate.swift */ = {isa = PBXFileReference; lastKnownFileType = sourcecode.swift; path = AppDelegate.swift; sourceTree = "<group>"; };
		0AE64435242F4D46001EEEFB /* SceneDelegate.swift */ = {isa = PBXFileReference; lastKnownFileType = sourcecode.swift; path = SceneDelegate.swift; sourceTree = "<group>"; };
		0AE64437242F4D46001EEEFB /* ViewController.swift */ = {isa = PBXFileReference; lastKnownFileType = sourcecode.swift; path = ViewController.swift; sourceTree = "<group>"; };
		0AE6443C242F4D47001EEEFB /* Assets.xcassets */ = {isa = PBXFileReference; lastKnownFileType = folder.assetcatalog; path = Assets.xcassets; sourceTree = "<group>"; };
		0AE6443F242F4D47001EEEFB /* Base */ = {isa = PBXFileReference; lastKnownFileType = file.storyboard; name = Base; path = Base.lproj/LaunchScreen.storyboard; sourceTree = "<group>"; };
		0AE64441242F4D47001EEEFB /* Info.plist */ = {isa = PBXFileReference; lastKnownFileType = text.plist.xml; path = Info.plist; sourceTree = "<group>"; };
		0AE64447242F4EA7001EEEFB /* AppCoordinator.swift */ = {isa = PBXFileReference; lastKnownFileType = sourcecode.swift; path = AppCoordinator.swift; sourceTree = "<group>"; };
		0AE6444A242F526F001EEEFB /* MVVMView.swift */ = {isa = PBXFileReference; fileEncoding = 4; lastKnownFileType = sourcecode.swift; path = MVVMView.swift; sourceTree = "<group>"; };
		0AE6444B242F526F001EEEFB /* MVVMViewController.swift */ = {isa = PBXFileReference; fileEncoding = 4; lastKnownFileType = sourcecode.swift; path = MVVMViewController.swift; sourceTree = "<group>"; };
		0AE6444C242F526F001EEEFB /* MVVMViewModel.swift */ = {isa = PBXFileReference; fileEncoding = 4; lastKnownFileType = sourcecode.swift; path = MVVMViewModel.swift; sourceTree = "<group>"; };
		0AE64457242F5D06001EEEFB /* BaseViewController.swift */ = {isa = PBXFileReference; lastKnownFileType = sourcecode.swift; path = BaseViewController.swift; sourceTree = "<group>"; };
		0AE64459242F5D15001EEEFB /* BaseViewModel.swift */ = {isa = PBXFileReference; lastKnownFileType = sourcecode.swift; path = BaseViewModel.swift; sourceTree = "<group>"; };
		0AE6445B242F5D27001EEEFB /* BaseView.swift */ = {isa = PBXFileReference; lastKnownFileType = sourcecode.swift; path = BaseView.swift; sourceTree = "<group>"; };
		0AE8A391245365F10073250B /* CharacterTableViewCell.swift */ = {isa = PBXFileReference; lastKnownFileType = sourcecode.swift; path = CharacterTableViewCell.swift; sourceTree = "<group>"; };
		0AEC4E78242FCC5C00058652 /* TrackTableViewCell.swift */ = {isa = PBXFileReference; lastKnownFileType = sourcecode.swift; path = TrackTableViewCell.swift; sourceTree = "<group>"; };
		0AEC4E7C242FCD9600058652 /* MVVMTableViewCell.swift */ = {isa = PBXFileReference; lastKnownFileType = sourcecode.swift; path = MVVMTableViewCell.swift; sourceTree = "<group>"; };
		0AEC4E7E242FCF8500058652 /* MVVMCollectionViewCell.swift */ = {isa = PBXFileReference; lastKnownFileType = sourcecode.swift; path = MVVMCollectionViewCell.swift; sourceTree = "<group>"; };
		0AEC4E80242FD65300058652 /* ComicsCollectionViewCell.swift */ = {isa = PBXFileReference; lastKnownFileType = sourcecode.swift; path = ComicsCollectionViewCell.swift; sourceTree = "<group>"; };
		0AEC67272430D579004A01DD /* Reactive.swift */ = {isa = PBXFileReference; lastKnownFileType = sourcecode.swift; path = Reactive.swift; sourceTree = "<group>"; };
		0AEC672A2430FE86004A01DD /* AlertControllerFactory.swift */ = {isa = PBXFileReference; lastKnownFileType = sourcecode.swift; path = AlertControllerFactory.swift; sourceTree = "<group>"; };
		33EE17DEC0444634E21AC85F /* Pods-RxMVVM.debug.xcconfig */ = {isa = PBXFileReference; includeInIndex = 1; lastKnownFileType = text.xcconfig; name = "Pods-RxMVVM.debug.xcconfig"; path = "Target Support Files/Pods-RxMVVM/Pods-RxMVVM.debug.xcconfig"; sourceTree = "<group>"; };
		35BCD3705CC4A924C747CA51 /* Pods-RxMVVM.release.xcconfig */ = {isa = PBXFileReference; includeInIndex = 1; lastKnownFileType = text.xcconfig; name = "Pods-RxMVVM.release.xcconfig"; path = "Target Support Files/Pods-RxMVVM/Pods-RxMVVM.release.xcconfig"; sourceTree = "<group>"; };
		3AE2BFBC65CA79C4C51044D3 /* libPods-RxMVVM.a */ = {isa = PBXFileReference; explicitFileType = archive.ar; includeInIndex = 0; path = "libPods-RxMVVM.a"; sourceTree = BUILT_PRODUCTS_DIR; };
/* End PBXFileReference section */

/* Begin PBXFrameworksBuildPhase section */
		0AE6442D242F4D46001EEEFB /* Frameworks */ = {
			isa = PBXFrameworksBuildPhase;
			buildActionMask = 2147483647;
			files = (
				7DD5EF09B014DAC8CECC16E9 /* libPods-RxMVVM.a in Frameworks */,
			);
			runOnlyForDeploymentPostprocessing = 0;
		};
/* End PBXFrameworksBuildPhase section */

/* Begin PBXGroup section */
		0A6715EB24323A5800E84D0F /* Networking */ = {
			isa = PBXGroup;
			children = (
				0A8ACA7724326B5D00A341A7 /* Responses */,
				0A8ACA742432691B00A341A7 /* Routers */,
				0A6715EC24323A7E00E84D0F /* Networking.swift */,
			);
			path = Networking;
			sourceTree = "<group>";
		};
		0A8ACA742432691B00A341A7 /* Routers */ = {
			isa = PBXGroup;
			children = (
				0A6715EE243242A900E84D0F /* RouterInterface.swift */,
				0A6715F524324DB200E84D0F /* ComicsRouter.swift */,
				0A8ACA752432696200A341A7 /* CharacterRouter.swift */,
			);
			path = Routers;
			sourceTree = "<group>";
		};
		0A8ACA7724326B5D00A341A7 /* Responses */ = {
			isa = PBXGroup;
			children = (
				0A8ACA7824326B7800A341A7 /* GetComicsResponse.swift */,
				0A8ACA7C24326BBC00A341A7 /* GetComicsCharactersResponse.swift */,
				0A8ACA7E24326CAE00A341A7 /* GetCharacterRespose.swift */,
			);
			path = Responses;
			sourceTree = "<group>";
		};
		0A8FE716242F7E870088912D /* Childs */ = {
			isa = PBXGroup;
			children = (
				0A8FE718242F7EB10088912D /* Track */,
				0A8FE717242F7E910088912D /* Comics */,
			);
			path = Childs;
			sourceTree = "<group>";
		};
		0A8FE717242F7E910088912D /* Comics */ = {
			isa = PBXGroup;
			children = (
				0A8FE71E242F7EE40088912D /* View */,
				0A8FE71D242F7EDC0088912D /* ViewModel */,
				0A8FE71C242F7ED50088912D /* Controller */,
			);
			path = Comics;
			sourceTree = "<group>";
		};
		0A8FE718242F7EB10088912D /* Track */ = {
			isa = PBXGroup;
			children = (
				0A8FE71B242F7ED10088912D /* View */,
				0A8FE71A242F7EC80088912D /* ViewModel */,
				0A8FE719242F7EBB0088912D /* Controller */,
			);
			path = Track;
			sourceTree = "<group>";
		};
		0A8FE719242F7EBB0088912D /* Controller */ = {
			isa = PBXGroup;
			children = (
				0A8FE725242F7FA00088912D /* TrackViewController.swift */,
			);
			path = Controller;
			sourceTree = "<group>";
		};
		0A8FE71A242F7EC80088912D /* ViewModel */ = {
			isa = PBXGroup;
			children = (
				0A8FE728242F7FB70088912D /* TrackViewModel.swift */,
			);
			path = ViewModel;
			sourceTree = "<group>";
		};
		0A8FE71B242F7ED10088912D /* View */ = {
			isa = PBXGroup;
			children = (
				0AEC4E77242FCC4700058652 /* Cell */,
				0A8FE72A242F7FC30088912D /* TrackView.swift */,
			);
			path = View;
			sourceTree = "<group>";
		};
		0A8FE71C242F7ED50088912D /* Controller */ = {
			isa = PBXGroup;
			children = (
				0A8FE71F242F7F640088912D /* ComicsViewController.swift */,
			);
			path = Controller;
			sourceTree = "<group>";
		};
		0A8FE71D242F7EDC0088912D /* ViewModel */ = {
			isa = PBXGroup;
			children = (
				0A8FE721242F7F750088912D /* AlbumViewModel.swift */,
			);
			path = ViewModel;
			sourceTree = "<group>";
		};
		0A8FE71E242F7EE40088912D /* View */ = {
			isa = PBXGroup;
			children = (
				0A8FE723242F7F8B0088912D /* ComicsView.swift */,
			);
			path = View;
			sourceTree = "<group>";
		};
		0A8FE72C242FA4EE0088912D /* Extensions */ = {
			isa = PBXGroup;
			children = (
				0A8FE72D242FA4FD0088912D /* UIView.swift */,
				0AEC67272430D579004A01DD /* Reactive.swift */,
				0A6715F02432435800E84D0F /* HTTPMethod.swift */,
				0AB5ACBF244328FC00B49CA1 /* UIScrollView.swift */,
			);
			path = Extensions;
			sourceTree = "<group>";
		};
		0A99A7C6245215A6000BB279 /* Characters */ = {
			isa = PBXGroup;
			children = (
				0A99A7CA245215D8000BB279 /* Controller */,
				0A99A7C9245215D1000BB279 /* ViewModel */,
				0A99A7C8245215CC000BB279 /* View */,
			);
			path = Characters;
			sourceTree = "<group>";
		};
		0A99A7C7245215BD000BB279 /* Detail */ = {
			isa = PBXGroup;
			children = (
				0A99A7CD245215F2000BB279 /* Controller */,
				0A99A7CC245215EA000BB279 /* ViewModel */,
				0A99A7CB245215E5000BB279 /* View */,
			);
			path = Detail;
			sourceTree = "<group>";
		};
		0A99A7C8245215CC000BB279 /* View */ = {
			isa = PBXGroup;
			children = (
				0AE8A390245365D60073250B /* Cell */,
				0A99A7CE2452163B000BB279 /* CharacterView.swift */,
			);
			path = View;
			sourceTree = "<group>";
		};
		0A99A7C9245215D1000BB279 /* ViewModel */ = {
			isa = PBXGroup;
			children = (
				0A99A7D02452167B000BB279 /* CharactersViewModel.swift */,
			);
			path = ViewModel;
			sourceTree = "<group>";
		};
		0A99A7CA245215D8000BB279 /* Controller */ = {
			isa = PBXGroup;
			children = (
				0A99A7D32452169A000BB279 /* CharactersViewController.swift */,
			);
			path = Controller;
			sourceTree = "<group>";
		};
		0A99A7CB245215E5000BB279 /* View */ = {
			isa = PBXGroup;
			children = (
				0A99A7D7245218BA000BB279 /* CharacterDetailView.swift */,
			);
			path = View;
			sourceTree = "<group>";
		};
		0A99A7CC245215EA000BB279 /* ViewModel */ = {
			isa = PBXGroup;
			children = (
				0A99A7D9245218E4000BB279 /* CharacterDetailViewModel.swift */,
			);
			path = ViewModel;
			sourceTree = "<group>";
		};
		0A99A7CD245215F2000BB279 /* Controller */ = {
			isa = PBXGroup;
			children = (
				0A99A7D524521874000BB279 /* CharacterDetailViewContriller.swift */,
			);
			path = Controller;
			sourceTree = "<group>";
		};
		0AE64427242F4D46001EEEFB = {
			isa = PBXGroup;
			children = (
				0AE64432242F4D46001EEEFB /* RxMVVM */,
				0AE64431242F4D46001EEEFB /* Products */,
				B6A9EB40407A9698567FE268 /* Pods */,
				21643110749EBAEFEE0552FC /* Frameworks */,
			);
			sourceTree = "<group>";
		};
		0AE64431242F4D46001EEEFB /* Products */ = {
			isa = PBXGroup;
			children = (
				0AE64430242F4D46001EEEFB /* RxMVVM.app */,
			);
			name = Products;
			sourceTree = "<group>";
		};
		0AE64432242F4D46001EEEFB /* RxMVVM */ = {
			isa = PBXGroup;
			children = (
				0AE64447242F4EA7001EEEFB /* AppCoordinator.swift */,
				0AE64433242F4D46001EEEFB /* AppDelegate.swift */,
				0AE64435242F4D46001EEEFB /* SceneDelegate.swift */,
				0A8ACA722432688300A341A7 /* Constants.swift */,
				0AE64441242F4D47001EEEFB /* Info.plist */,
				0AE6443C242F4D47001EEEFB /* Assets.xcassets */,
				0AE6443E242F4D47001EEEFB /* LaunchScreen.storyboard */,
				0A6715EB24323A5800E84D0F /* Networking */,
				0AEC67292430FE5B004A01DD /* Factories */,
				0A8FE72C242FA4EE0088912D /* Extensions */,
				0AE64449242F526F001EEEFB /* Base */,
				0AEC67222430C57A004A01DD /* Entites */,
				0AE64450242F5B33001EEEFB /* Screens */,
				0A82924B2435185B00554329 /* View.xib */,
			);
			path = RxMVVM;
			sourceTree = "<group>";
		};
		0AE64449242F526F001EEEFB /* Base */ = {
			isa = PBXGroup;
			children = (
				0AEC4E7B242FCD7700058652 /* Cell */,
				0AEC4E7A242FCD6900058652 /* Base */,
			);
			path = Base;
			sourceTree = "<group>";
		};
		0AE64450242F5B33001EEEFB /* Screens */ = {
			isa = PBXGroup;
			children = (
				0A99A7C7245215BD000BB279 /* Detail */,
				0A99A7C6245215A6000BB279 /* Characters */,
				0AE64451242F5CAE001EEEFB /* Main */,
			);
			path = Screens;
			sourceTree = "<group>";
		};
		0AE64451242F5CAE001EEEFB /* Main */ = {
			isa = PBXGroup;
			children = (
				0A8FE716242F7E870088912D /* Childs */,
				0AE64456242F5CEE001EEEFB /* View */,
				0AE64455242F5CE7001EEEFB /* ViewModel */,
				0AE64454242F5CE0001EEEFB /* Controller */,
			);
			path = Main;
			sourceTree = "<group>";
		};
		0AE64454242F5CE0001EEEFB /* Controller */ = {
			isa = PBXGroup;
			children = (
				0AE64457242F5D06001EEEFB /* BaseViewController.swift */,
			);
			path = Controller;
			sourceTree = "<group>";
		};
		0AE64455242F5CE7001EEEFB /* ViewModel */ = {
			isa = PBXGroup;
			children = (
				0AE64459242F5D15001EEEFB /* BaseViewModel.swift */,
			);
			path = ViewModel;
			sourceTree = "<group>";
		};
		0AE64456242F5CEE001EEEFB /* View */ = {
			isa = PBXGroup;
			children = (
				0AEC4E76242FCC3B00058652 /* Cell */,
				0AE6445B242F5D27001EEEFB /* BaseView.swift */,
			);
			path = View;
			sourceTree = "<group>";
		};
		0AE8A390245365D60073250B /* Cell */ = {
			isa = PBXGroup;
			children = (
				0AE8A391245365F10073250B /* CharacterTableViewCell.swift */,
			);
			path = Cell;
			sourceTree = "<group>";
		};
		0AEC4E76242FCC3B00058652 /* Cell */ = {
			isa = PBXGroup;
			children = (
				0AEC4E80242FD65300058652 /* ComicsCollectionViewCell.swift */,
			);
			path = Cell;
			sourceTree = "<group>";
		};
		0AEC4E77242FCC4700058652 /* Cell */ = {
			isa = PBXGroup;
			children = (
				0AEC4E78242FCC5C00058652 /* TrackTableViewCell.swift */,
			);
			path = Cell;
			sourceTree = "<group>";
		};
		0AEC4E7A242FCD6900058652 /* Base */ = {
			isa = PBXGroup;
			children = (
				0AE6444A242F526F001EEEFB /* MVVMView.swift */,
				0AE6444B242F526F001EEEFB /* MVVMViewController.swift */,
				0AE6444C242F526F001EEEFB /* MVVMViewModel.swift */,
				0AE64437242F4D46001EEEFB /* ViewController.swift */,
			);
			path = Base;
			sourceTree = "<group>";
		};
		0AEC4E7B242FCD7700058652 /* Cell */ = {
			isa = PBXGroup;
			children = (
				0AEC4E7C242FCD9600058652 /* MVVMTableViewCell.swift */,
				0AEC4E7E242FCF8500058652 /* MVVMCollectionViewCell.swift */,
			);
			path = Cell;
			sourceTree = "<group>";
		};
		0AEC67222430C57A004A01DD /* Entites */ = {
			isa = PBXGroup;
			children = (
				0A8ACA8024326E6F00A341A7 /* Character.swift */,
				0A8ACA8224326E8200A341A7 /* Comics.swift */,
				0A8ACA8424326F5D00A341A7 /* Thumbnail.swift */,
			);
			path = Entites;
			sourceTree = "<group>";
		};
		0AEC67292430FE5B004A01DD /* Factories */ = {
			isa = PBXGroup;
			children = (
				0AEC672A2430FE86004A01DD /* AlertControllerFactory.swift */,
			);
			path = Factories;
			sourceTree = "<group>";
		};
		21643110749EBAEFEE0552FC /* Frameworks */ = {
			isa = PBXGroup;
			children = (
				3AE2BFBC65CA79C4C51044D3 /* libPods-RxMVVM.a */,
			);
			name = Frameworks;
			sourceTree = "<group>";
		};
		B6A9EB40407A9698567FE268 /* Pods */ = {
			isa = PBXGroup;
			children = (
				33EE17DEC0444634E21AC85F /* Pods-RxMVVM.debug.xcconfig */,
				35BCD3705CC4A924C747CA51 /* Pods-RxMVVM.release.xcconfig */,
			);
			path = Pods;
			sourceTree = "<group>";
		};
/* End PBXGroup section */

/* Begin PBXNativeTarget section */
		0AE6442F242F4D46001EEEFB /* RxMVVM */ = {
			isa = PBXNativeTarget;
			buildConfigurationList = 0AE64444242F4D47001EEEFB /* Build configuration list for PBXNativeTarget "RxMVVM" */;
			buildPhases = (
				027AB795B71F8EF6793BB7F7 /* [CP] Check Pods Manifest.lock */,
				0AE6442C242F4D46001EEEFB /* Sources */,
				0AE6442D242F4D46001EEEFB /* Frameworks */,
				0AE6442E242F4D46001EEEFB /* Resources */,
			);
			buildRules = (
			);
			dependencies = (
			);
			name = RxMVVM;
			productName = RxMVVM;
			productReference = 0AE64430242F4D46001EEEFB /* RxMVVM.app */;
			productType = "com.apple.product-type.application";
		};
/* End PBXNativeTarget section */

/* Begin PBXProject section */
		0AE64428242F4D46001EEEFB /* Project object */ = {
			isa = PBXProject;
			attributes = {
				LastSwiftUpdateCheck = 1140;
				LastUpgradeCheck = 1140;
				ORGANIZATIONNAME = "Dmitry Y.";
				TargetAttributes = {
					0AE6442F242F4D46001EEEFB = {
						CreatedOnToolsVersion = 11.4;
					};
				};
			};
			buildConfigurationList = 0AE6442B242F4D46001EEEFB /* Build configuration list for PBXProject "RxMVVM" */;
			compatibilityVersion = "Xcode 9.3";
			developmentRegion = en;
			hasScannedForEncodings = 0;
			knownRegions = (
				en,
				Base,
			);
			mainGroup = 0AE64427242F4D46001EEEFB;
			productRefGroup = 0AE64431242F4D46001EEEFB /* Products */;
			projectDirPath = "";
			projectRoot = "";
			targets = (
				0AE6442F242F4D46001EEEFB /* RxMVVM */,
			);
		};
/* End PBXProject section */

/* Begin PBXResourcesBuildPhase section */
		0AE6442E242F4D46001EEEFB /* Resources */ = {
			isa = PBXResourcesBuildPhase;
			buildActionMask = 2147483647;
			files = (
				0AE64440242F4D47001EEEFB /* LaunchScreen.storyboard in Resources */,
				0A82924C2435185B00554329 /* View.xib in Resources */,
				0AE6443D242F4D47001EEEFB /* Assets.xcassets in Resources */,
			);
			runOnlyForDeploymentPostprocessing = 0;
		};
/* End PBXResourcesBuildPhase section */

/* Begin PBXShellScriptBuildPhase section */
		027AB795B71F8EF6793BB7F7 /* [CP] Check Pods Manifest.lock */ = {
			isa = PBXShellScriptBuildPhase;
			buildActionMask = 2147483647;
			files = (
			);
			inputFileListPaths = (
			);
			inputPaths = (
				"${PODS_PODFILE_DIR_PATH}/Podfile.lock",
				"${PODS_ROOT}/Manifest.lock",
			);
			name = "[CP] Check Pods Manifest.lock";
			outputFileListPaths = (
			);
			outputPaths = (
				"$(DERIVED_FILE_DIR)/Pods-RxMVVM-checkManifestLockResult.txt",
			);
			runOnlyForDeploymentPostprocessing = 0;
			shellPath = /bin/sh;
			shellScript = "diff \"${PODS_PODFILE_DIR_PATH}/Podfile.lock\" \"${PODS_ROOT}/Manifest.lock\" > /dev/null\nif [ $? != 0 ] ; then\n    # print error to STDERR\n    echo \"error: The sandbox is not in sync with the Podfile.lock. Run 'pod install' or update your CocoaPods installation.\" >&2\n    exit 1\nfi\n# This output is used by Xcode 'outputs' to avoid re-running this script phase.\necho \"SUCCESS\" > \"${SCRIPT_OUTPUT_FILE_0}\"\n";
			showEnvVarsInLog = 0;
		};
/* End PBXShellScriptBuildPhase section */

/* Begin PBXSourcesBuildPhase section */
		0AE6442C242F4D46001EEEFB /* Sources */ = {
			isa = PBXSourcesBuildPhase;
			buildActionMask = 2147483647;
			files = (
				0A8FE722242F7F750088912D /* AlbumViewModel.swift in Sources */,
				0A8ACA8524326F5D00A341A7 /* Thumbnail.swift in Sources */,
				0A8ACA8124326E6F00A341A7 /* Character.swift in Sources */,
				0AE64448242F4EA7001EEEFB /* AppCoordinator.swift in Sources */,
				0A6715ED24323A7E00E84D0F /* Networking.swift in Sources */,
				0A8FE726242F7FA00088912D /* TrackViewController.swift in Sources */,
				0A8ACA732432688300A341A7 /* Constants.swift in Sources */,
				0AE6445C242F5D27001EEEFB /* BaseView.swift in Sources */,
				0AEC4E7F242FCF8500058652 /* MVVMCollectionViewCell.swift in Sources */,
				0AE64438242F4D46001EEEFB /* ViewController.swift in Sources */,
				0AEC4E81242FD65300058652 /* ComicsCollectionViewCell.swift in Sources */,
				0AE6444E242F526F001EEEFB /* MVVMViewController.swift in Sources */,
				0A8FE729242F7FB70088912D /* TrackViewModel.swift in Sources */,
				0AEC672B2430FE86004A01DD /* AlertControllerFactory.swift in Sources */,
				0AEC4E7D242FCD9600058652 /* MVVMTableViewCell.swift in Sources */,
				0AEC67282430D579004A01DD /* Reactive.swift in Sources */,
				0A99A7D8245218BA000BB279 /* CharacterDetailView.swift in Sources */,
				0A8ACA8324326E8200A341A7 /* Comics.swift in Sources */,
				0AE64458242F5D06001EEEFB /* BaseViewController.swift in Sources */,
				0A6715F12432435800E84D0F /* HTTPMethod.swift in Sources */,
				0A8FE724242F7F8B0088912D /* ComicsView.swift in Sources */,
				0AE64434242F4D46001EEEFB /* AppDelegate.swift in Sources */,
				0AB5ACC0244328FC00B49CA1 /* UIScrollView.swift in Sources */,
				0A6715F624324DB300E84D0F /* ComicsRouter.swift in Sources */,
				0A8FE72B242F7FC30088912D /* TrackView.swift in Sources */,
				0A99A7D42452169A000BB279 /* CharactersViewController.swift in Sources */,
				0A99A7CF2452163B000BB279 /* CharacterView.swift in Sources */,
				0AE64436242F4D46001EEEFB /* SceneDelegate.swift in Sources */,
				0AE6444D242F526F001EEEFB /* MVVMView.swift in Sources */,
				0A8ACA7F24326CAE00A341A7 /* GetCharacterRespose.swift in Sources */,
				0AEC4E79242FCC5C00058652 /* TrackTableViewCell.swift in Sources */,
				0A8ACA7D24326BBC00A341A7 /* GetComicsCharactersResponse.swift in Sources */,
				0A8FE72E242FA4FD0088912D /* UIView.swift in Sources */,
				0AE8A392245365F10073250B /* CharacterTableViewCell.swift in Sources */,
				0AE6445A242F5D15001EEEFB /* BaseViewModel.swift in Sources */,
				0A99A7D12452167B000BB279 /* CharactersViewModel.swift in Sources */,
				0AE6444F242F526F001EEEFB /* MVVMViewModel.swift in Sources */,
				0A99A7D624521874000BB279 /* CharacterDetailViewContriller.swift in Sources */,
				0A6715EF243242A900E84D0F /* RouterInterface.swift in Sources */,
				0A8FE720242F7F640088912D /* ComicsViewController.swift in Sources */,
				0A99A7DA245218E4000BB279 /* CharacterDetailViewModel.swift in Sources */,
				0A8ACA762432696200A341A7 /* CharacterRouter.swift in Sources */,
				0A8ACA7924326B7800A341A7 /* GetComicsResponse.swift in Sources */,
			);
			runOnlyForDeploymentPostprocessing = 0;
		};
/* End PBXSourcesBuildPhase section */

/* Begin PBXVariantGroup section */
		0AE6443E242F4D47001EEEFB /* LaunchScreen.storyboard */ = {
			isa = PBXVariantGroup;
			children = (
				0AE6443F242F4D47001EEEFB /* Base */,
			);
			name = LaunchScreen.storyboard;
			sourceTree = "<group>";
		};
/* End PBXVariantGroup section */

/* Begin XCBuildConfiguration section */
		0AE64442242F4D47001EEEFB /* Debug */ = {
			isa = XCBuildConfiguration;
			buildSettings = {
				ALWAYS_SEARCH_USER_PATHS = NO;
				CLANG_ANALYZER_NONNULL = YES;
				CLANG_ANALYZER_NUMBER_OBJECT_CONVERSION = YES_AGGRESSIVE;
				CLANG_CXX_LANGUAGE_STANDARD = "gnu++14";
				CLANG_CXX_LIBRARY = "libc++";
				CLANG_ENABLE_MODULES = YES;
				CLANG_ENABLE_OBJC_ARC = YES;
				CLANG_ENABLE_OBJC_WEAK = YES;
				CLANG_WARN_BLOCK_CAPTURE_AUTORELEASING = YES;
				CLANG_WARN_BOOL_CONVERSION = YES;
				CLANG_WARN_COMMA = YES;
				CLANG_WARN_CONSTANT_CONVERSION = YES;
				CLANG_WARN_DEPRECATED_OBJC_IMPLEMENTATIONS = YES;
				CLANG_WARN_DIRECT_OBJC_ISA_USAGE = YES_ERROR;
				CLANG_WARN_DOCUMENTATION_COMMENTS = YES;
				CLANG_WARN_EMPTY_BODY = YES;
				CLANG_WARN_ENUM_CONVERSION = YES;
				CLANG_WARN_INFINITE_RECURSION = YES;
				CLANG_WARN_INT_CONVERSION = YES;
				CLANG_WARN_NON_LITERAL_NULL_CONVERSION = YES;
				CLANG_WARN_OBJC_IMPLICIT_RETAIN_SELF = YES;
				CLANG_WARN_OBJC_LITERAL_CONVERSION = YES;
				CLANG_WARN_OBJC_ROOT_CLASS = YES_ERROR;
				CLANG_WARN_RANGE_LOOP_ANALYSIS = YES;
				CLANG_WARN_STRICT_PROTOTYPES = YES;
				CLANG_WARN_SUSPICIOUS_MOVE = YES;
				CLANG_WARN_UNGUARDED_AVAILABILITY = YES_AGGRESSIVE;
				CLANG_WARN_UNREACHABLE_CODE = YES;
				CLANG_WARN__DUPLICATE_METHOD_MATCH = YES;
				COPY_PHASE_STRIP = NO;
				DEBUG_INFORMATION_FORMAT = dwarf;
				ENABLE_STRICT_OBJC_MSGSEND = YES;
				ENABLE_TESTABILITY = YES;
				GCC_C_LANGUAGE_STANDARD = gnu11;
				GCC_DYNAMIC_NO_PIC = NO;
				GCC_NO_COMMON_BLOCKS = YES;
				GCC_OPTIMIZATION_LEVEL = 0;
				GCC_PREPROCESSOR_DEFINITIONS = (
					"DEBUG=1",
					"$(inherited)",
				);
				GCC_WARN_64_TO_32_BIT_CONVERSION = YES;
				GCC_WARN_ABOUT_RETURN_TYPE = YES_ERROR;
				GCC_WARN_UNDECLARED_SELECTOR = YES;
				GCC_WARN_UNINITIALIZED_AUTOS = YES_AGGRESSIVE;
				GCC_WARN_UNUSED_FUNCTION = YES;
				GCC_WARN_UNUSED_VARIABLE = YES;
				IPHONEOS_DEPLOYMENT_TARGET = 13.4;
				MTL_ENABLE_DEBUG_INFO = INCLUDE_SOURCE;
				MTL_FAST_MATH = YES;
				ONLY_ACTIVE_ARCH = YES;
				SDKROOT = iphoneos;
				SWIFT_ACTIVE_COMPILATION_CONDITIONS = DEBUG;
				SWIFT_OPTIMIZATION_LEVEL = "-Onone";
			};
			name = Debug;
		};
		0AE64443242F4D47001EEEFB /* Release */ = {
			isa = XCBuildConfiguration;
			buildSettings = {
				ALWAYS_SEARCH_USER_PATHS = NO;
				CLANG_ANALYZER_NONNULL = YES;
				CLANG_ANALYZER_NUMBER_OBJECT_CONVERSION = YES_AGGRESSIVE;
				CLANG_CXX_LANGUAGE_STANDARD = "gnu++14";
				CLANG_CXX_LIBRARY = "libc++";
				CLANG_ENABLE_MODULES = YES;
				CLANG_ENABLE_OBJC_ARC = YES;
				CLANG_ENABLE_OBJC_WEAK = YES;
				CLANG_WARN_BLOCK_CAPTURE_AUTORELEASING = YES;
				CLANG_WARN_BOOL_CONVERSION = YES;
				CLANG_WARN_COMMA = YES;
				CLANG_WARN_CONSTANT_CONVERSION = YES;
				CLANG_WARN_DEPRECATED_OBJC_IMPLEMENTATIONS = YES;
				CLANG_WARN_DIRECT_OBJC_ISA_USAGE = YES_ERROR;
				CLANG_WARN_DOCUMENTATION_COMMENTS = YES;
				CLANG_WARN_EMPTY_BODY = YES;
				CLANG_WARN_ENUM_CONVERSION = YES;
				CLANG_WARN_INFINITE_RECURSION = YES;
				CLANG_WARN_INT_CONVERSION = YES;
				CLANG_WARN_NON_LITERAL_NULL_CONVERSION = YES;
				CLANG_WARN_OBJC_IMPLICIT_RETAIN_SELF = YES;
				CLANG_WARN_OBJC_LITERAL_CONVERSION = YES;
				CLANG_WARN_OBJC_ROOT_CLASS = YES_ERROR;
				CLANG_WARN_RANGE_LOOP_ANALYSIS = YES;
				CLANG_WARN_STRICT_PROTOTYPES = YES;
				CLANG_WARN_SUSPICIOUS_MOVE = YES;
				CLANG_WARN_UNGUARDED_AVAILABILITY = YES_AGGRESSIVE;
				CLANG_WARN_UNREACHABLE_CODE = YES;
				CLANG_WARN__DUPLICATE_METHOD_MATCH = YES;
				COPY_PHASE_STRIP = NO;
				DEBUG_INFORMATION_FORMAT = "dwarf-with-dsym";
				ENABLE_NS_ASSERTIONS = NO;
				ENABLE_STRICT_OBJC_MSGSEND = YES;
				GCC_C_LANGUAGE_STANDARD = gnu11;
				GCC_NO_COMMON_BLOCKS = YES;
				GCC_WARN_64_TO_32_BIT_CONVERSION = YES;
				GCC_WARN_ABOUT_RETURN_TYPE = YES_ERROR;
				GCC_WARN_UNDECLARED_SELECTOR = YES;
				GCC_WARN_UNINITIALIZED_AUTOS = YES_AGGRESSIVE;
				GCC_WARN_UNUSED_FUNCTION = YES;
				GCC_WARN_UNUSED_VARIABLE = YES;
				IPHONEOS_DEPLOYMENT_TARGET = 13.4;
				MTL_ENABLE_DEBUG_INFO = NO;
				MTL_FAST_MATH = YES;
				SDKROOT = iphoneos;
				SWIFT_COMPILATION_MODE = wholemodule;
				SWIFT_OPTIMIZATION_LEVEL = "-O";
				VALIDATE_PRODUCT = YES;
			};
			name = Release;
		};
		0AE64445242F4D47001EEEFB /* Debug */ = {
			isa = XCBuildConfiguration;
			baseConfigurationReference = 33EE17DEC0444634E21AC85F /* Pods-RxMVVM.debug.xcconfig */;
			buildSettings = {
				ASSETCATALOG_COMPILER_APPICON_NAME = AppIcon;
				CODE_SIGN_STYLE = Automatic;
				DEVELOPMENT_TEAM = S6ABAFXJXX;
				INFOPLIST_FILE = RxMVVM/Info.plist;
				LD_RUNPATH_SEARCH_PATHS = (
					"$(inherited)",
					"@executable_path/Frameworks",
				);
				PRODUCT_BUNDLE_IDENTIFIER = com.dmitry.RxMVVM;
				PRODUCT_NAME = "$(TARGET_NAME)";
				SWIFT_VERSION = 5.0;
				TARGETED_DEVICE_FAMILY = "1,2";
			};
			name = Debug;
		};
		0AE64446242F4D47001EEEFB /* Release */ = {
			isa = XCBuildConfiguration;
			baseConfigurationReference = 35BCD3705CC4A924C747CA51 /* Pods-RxMVVM.release.xcconfig */;
			buildSettings = {
				ASSETCATALOG_COMPILER_APPICON_NAME = AppIcon;
				CODE_SIGN_STYLE = Automatic;
				DEVELOPMENT_TEAM = S6ABAFXJXX;
				INFOPLIST_FILE = RxMVVM/Info.plist;
				LD_RUNPATH_SEARCH_PATHS = (
					"$(inherited)",
					"@executable_path/Frameworks",
				);
				PRODUCT_BUNDLE_IDENTIFIER = com.dmitry.RxMVVM;
				PRODUCT_NAME = "$(TARGET_NAME)";
				SWIFT_VERSION = 5.0;
				TARGETED_DEVICE_FAMILY = "1,2";
			};
			name = Release;
		};
/* End XCBuildConfiguration section */

/* Begin XCConfigurationList section */
		0AE6442B242F4D46001EEEFB /* Build configuration list for PBXProject "RxMVVM" */ = {
			isa = XCConfigurationList;
			buildConfigurations = (
				0AE64442242F4D47001EEEFB /* Debug */,
				0AE64443242F4D47001EEEFB /* Release */,
			);
			defaultConfigurationIsVisible = 0;
			defaultConfigurationName = Release;
		};
		0AE64444242F4D47001EEEFB /* Build configuration list for PBXNativeTarget "RxMVVM" */ = {
			isa = XCConfigurationList;
			buildConfigurations = (
				0AE64445242F4D47001EEEFB /* Debug */,
				0AE64446242F4D47001EEEFB /* Release */,
			);
			defaultConfigurationIsVisible = 0;
			defaultConfigurationName = Release;
		};
/* End XCConfigurationList section */
	};
	rootObject = 0AE64428242F4D46001EEEFB /* Project object */;
}
